# This file is automatically @generated by Cargo.
# It is not intended for manual editing.
[[package]]
name = "BTests"
version = "0.1.0"
dependencies = [
 "protobuf_strict",
]

[[package]]
name = "protobuf_strict"
version = "0.1.0"
source = "git+https://github.com/Jasperav/protobuf_strict.git#5719e0f909c12feed93b8c1b7e350b2feff528dd"
