// !$*UTF8*$!
{
	archiveVersion = 1;
	classes = {
	};
	objectVersion = 46;
	objects = {

/* Begin PBXBuildFile section */
		9C2F237A1D77807E008524F2 /* descriptor.pb.swift in Sources */ = {isa = PBXBuildFile; fileRef = 9C2F23781D778003008524F2 /* descriptor.pb.swift */; };
		_LinkFileRef_Protobuf_via_ProtobufTestSuite /* Protobuf.framework in Frameworks */ = {isa = PBXBuildFile; fileRef = "_____Product_Protobuf" /* Protobuf.framework */; };
		__src_cc_ref_Sources/Protobuf/Google_Protobuf_Any.swift /* Google_Protobuf_Any.swift in Sources */ = {isa = PBXBuildFile; fileRef = __PBXFileRef_Sources/Protobuf/Google_Protobuf_Any.swift /* Google_Protobuf_Any.swift */; };
		__src_cc_ref_Sources/Protobuf/Google_Protobuf_Duration_Extensions.swift /* Google_Protobuf_Duration_Extensions.swift in Sources */ = {isa = PBXBuildFile; fileRef = __PBXFileRef_Sources/Protobuf/Google_Protobuf_Duration_Extensions.swift /* Google_Protobuf_Duration_Extensions.swift */; };
		__src_cc_ref_Sources/Protobuf/Google_Protobuf_FieldMask_Extensions.swift /* Google_Protobuf_FieldMask_Extensions.swift in Sources */ = {isa = PBXBuildFile; fileRef = __PBXFileRef_Sources/Protobuf/Google_Protobuf_FieldMask_Extensions.swift /* Google_Protobuf_FieldMask_Extensions.swift */; };
		__src_cc_ref_Sources/Protobuf/Google_Protobuf_Struct.swift /* Google_Protobuf_Struct.swift in Sources */ = {isa = PBXBuildFile; fileRef = __PBXFileRef_Sources/Protobuf/Google_Protobuf_Struct.swift /* Google_Protobuf_Struct.swift */; };
		__src_cc_ref_Sources/Protobuf/Google_Protobuf_Timestamp_Extensions.swift /* Google_Protobuf_Timestamp_Extensions.swift in Sources */ = {isa = PBXBuildFile; fileRef = __PBXFileRef_Sources/Protobuf/Google_Protobuf_Timestamp_Extensions.swift /* Google_Protobuf_Timestamp_Extensions.swift */; };
		__src_cc_ref_Sources/Protobuf/Google_Protobuf_Wrappers.swift /* Google_Protobuf_Wrappers.swift in Sources */ = {isa = PBXBuildFile; fileRef = __PBXFileRef_Sources/Protobuf/Google_Protobuf_Wrappers.swift /* Google_Protobuf_Wrappers.swift */; };
		__src_cc_ref_Sources/Protobuf/ProtobufBinaryDecoding.swift /* ProtobufBinaryDecoding.swift in Sources */ = {isa = PBXBuildFile; fileRef = __PBXFileRef_Sources/Protobuf/ProtobufBinaryDecoding.swift /* ProtobufBinaryDecoding.swift */; };
		__src_cc_ref_Sources/Protobuf/ProtobufBinaryEncoding.swift /* ProtobufBinaryEncoding.swift in Sources */ = {isa = PBXBuildFile; fileRef = __PBXFileRef_Sources/Protobuf/ProtobufBinaryEncoding.swift /* ProtobufBinaryEncoding.swift */; };
		__src_cc_ref_Sources/Protobuf/ProtobufBinaryTypes.swift /* ProtobufBinaryTypes.swift in Sources */ = {isa = PBXBuildFile; fileRef = __PBXFileRef_Sources/Protobuf/ProtobufBinaryTypes.swift /* ProtobufBinaryTypes.swift */; };
		__src_cc_ref_Sources/Protobuf/ProtobufDebugDescription.swift /* ProtobufDebugDescription.swift in Sources */ = {isa = PBXBuildFile; fileRef = __PBXFileRef_Sources/Protobuf/ProtobufDebugDescription.swift /* ProtobufDebugDescription.swift */; };
		__src_cc_ref_Sources/Protobuf/ProtobufEnum.swift /* ProtobufEnum.swift in Sources */ = {isa = PBXBuildFile; fileRef = __PBXFileRef_Sources/Protobuf/ProtobufEnum.swift /* ProtobufEnum.swift */; };
		__src_cc_ref_Sources/Protobuf/ProtobufError.swift /* ProtobufError.swift in Sources */ = {isa = PBXBuildFile; fileRef = __PBXFileRef_Sources/Protobuf/ProtobufError.swift /* ProtobufError.swift */; };
		__src_cc_ref_Sources/Protobuf/ProtobufExtensionFields.swift /* ProtobufExtensionFields.swift in Sources */ = {isa = PBXBuildFile; fileRef = __PBXFileRef_Sources/Protobuf/ProtobufExtensionFields.swift /* ProtobufExtensionFields.swift */; };
		__src_cc_ref_Sources/Protobuf/ProtobufExtensions.swift /* ProtobufExtensions.swift in Sources */ = {isa = PBXBuildFile; fileRef = __PBXFileRef_Sources/Protobuf/ProtobufExtensions.swift /* ProtobufExtensions.swift */; };
		__src_cc_ref_Sources/Protobuf/ProtobufFieldDecoder.swift /* ProtobufFieldDecoder.swift in Sources */ = {isa = PBXBuildFile; fileRef = __PBXFileRef_Sources/Protobuf/ProtobufFieldDecoder.swift /* ProtobufFieldDecoder.swift */; };
		__src_cc_ref_Sources/Protobuf/ProtobufGroup.swift /* ProtobufGroup.swift in Sources */ = {isa = PBXBuildFile; fileRef = __PBXFileRef_Sources/Protobuf/ProtobufGroup.swift /* ProtobufGroup.swift */; };
		__src_cc_ref_Sources/Protobuf/ProtobufHash.swift /* ProtobufHash.swift in Sources */ = {isa = PBXBuildFile; fileRef = __PBXFileRef_Sources/Protobuf/ProtobufHash.swift /* ProtobufHash.swift */; };
		__src_cc_ref_Sources/Protobuf/ProtobufJSONDecoding.swift /* ProtobufJSONDecoding.swift in Sources */ = {isa = PBXBuildFile; fileRef = __PBXFileRef_Sources/Protobuf/ProtobufJSONDecoding.swift /* ProtobufJSONDecoding.swift */; };
		__src_cc_ref_Sources/Protobuf/ProtobufJSONEncoding.swift /* ProtobufJSONEncoding.swift in Sources */ = {isa = PBXBuildFile; fileRef = __PBXFileRef_Sources/Protobuf/ProtobufJSONEncoding.swift /* ProtobufJSONEncoding.swift */; };
		__src_cc_ref_Sources/Protobuf/ProtobufJSONTypes.swift /* ProtobufJSONTypes.swift in Sources */ = {isa = PBXBuildFile; fileRef = __PBXFileRef_Sources/Protobuf/ProtobufJSONTypes.swift /* ProtobufJSONTypes.swift */; };
		__src_cc_ref_Sources/Protobuf/ProtobufMessage.swift /* ProtobufMessage.swift in Sources */ = {isa = PBXBuildFile; fileRef = __PBXFileRef_Sources/Protobuf/ProtobufMessage.swift /* ProtobufMessage.swift */; };
		__src_cc_ref_Sources/Protobuf/ProtobufMirror.swift /* ProtobufMirror.swift in Sources */ = {isa = PBXBuildFile; fileRef = __PBXFileRef_Sources/Protobuf/ProtobufMirror.swift /* ProtobufMirror.swift */; };
		__src_cc_ref_Sources/Protobuf/ProtobufOneof.swift /* ProtobufOneof.swift in Sources */ = {isa = PBXBuildFile; fileRef = __PBXFileRef_Sources/Protobuf/ProtobufOneof.swift /* ProtobufOneof.swift */; };
		__src_cc_ref_Sources/Protobuf/ProtobufRawMessage.swift /* ProtobufRawMessage.swift in Sources */ = {isa = PBXBuildFile; fileRef = __PBXFileRef_Sources/Protobuf/ProtobufRawMessage.swift /* ProtobufRawMessage.swift */; };
		__src_cc_ref_Sources/Protobuf/ProtobufTraversal.swift /* ProtobufTraversal.swift in Sources */ = {isa = PBXBuildFile; fileRef = __PBXFileRef_Sources/Protobuf/ProtobufTraversal.swift /* ProtobufTraversal.swift */; };
		__src_cc_ref_Sources/Protobuf/ProtobufTypes.swift /* ProtobufTypes.swift in Sources */ = {isa = PBXBuildFile; fileRef = __PBXFileRef_Sources/Protobuf/ProtobufTypes.swift /* ProtobufTypes.swift */; };
		__src_cc_ref_Sources/Protobuf/ProtobufUnknown.swift /* ProtobufUnknown.swift in Sources */ = {isa = PBXBuildFile; fileRef = __PBXFileRef_Sources/Protobuf/ProtobufUnknown.swift /* ProtobufUnknown.swift */; };
		__src_cc_ref_Sources/Protobuf/ProtobufUtility.swift /* ProtobufUtility.swift in Sources */ = {isa = PBXBuildFile; fileRef = __PBXFileRef_Sources/Protobuf/ProtobufUtility.swift /* ProtobufUtility.swift */; };
		__src_cc_ref_Sources/Protobuf/api.pb.swift /* api.pb.swift in Sources */ = {isa = PBXBuildFile; fileRef = __PBXFileRef_Sources/Protobuf/api.pb.swift /* api.pb.swift */; };
		__src_cc_ref_Sources/Protobuf/duration.pb.swift /* duration.pb.swift in Sources */ = {isa = PBXBuildFile; fileRef = __PBXFileRef_Sources/Protobuf/duration.pb.swift /* duration.pb.swift */; };
		__src_cc_ref_Sources/Protobuf/empty.pb.swift /* empty.pb.swift in Sources */ = {isa = PBXBuildFile; fileRef = __PBXFileRef_Sources/Protobuf/empty.pb.swift /* empty.pb.swift */; };
		__src_cc_ref_Sources/Protobuf/field_mask.pb.swift /* field_mask.pb.swift in Sources */ = {isa = PBXBuildFile; fileRef = __PBXFileRef_Sources/Protobuf/field_mask.pb.swift /* field_mask.pb.swift */; };
		__src_cc_ref_Sources/Protobuf/source_context.pb.swift /* source_context.pb.swift in Sources */ = {isa = PBXBuildFile; fileRef = __PBXFileRef_Sources/Protobuf/source_context.pb.swift /* source_context.pb.swift */; };
		__src_cc_ref_Sources/Protobuf/timestamp.pb.swift /* timestamp.pb.swift in Sources */ = {isa = PBXBuildFile; fileRef = __PBXFileRef_Sources/Protobuf/timestamp.pb.swift /* timestamp.pb.swift */; };
		__src_cc_ref_Sources/Protobuf/type.pb.swift /* type.pb.swift in Sources */ = {isa = PBXBuildFile; fileRef = __PBXFileRef_Sources/Protobuf/type.pb.swift /* type.pb.swift */; };
		__src_cc_ref_Tests/ProtobufTests/Helpers.swift /* Helpers.swift in Sources */ = {isa = PBXBuildFile; fileRef = __PBXFileRef_Tests/ProtobufTests/Helpers.swift /* Helpers.swift */; };
		__src_cc_ref_Tests/ProtobufTests/Test_AllTypes.swift /* Test_AllTypes.swift in Sources */ = {isa = PBXBuildFile; fileRef = __PBXFileRef_Tests/ProtobufTests/Test_AllTypes.swift /* Test_AllTypes.swift */; };
		__src_cc_ref_Tests/ProtobufTests/Test_AllTypes_Proto3.swift /* Test_AllTypes_Proto3.swift in Sources */ = {isa = PBXBuildFile; fileRef = __PBXFileRef_Tests/ProtobufTests/Test_AllTypes_Proto3.swift /* Test_AllTypes_Proto3.swift */; };
		__src_cc_ref_Tests/ProtobufTests/Test_Any.swift /* Test_Any.swift in Sources */ = {isa = PBXBuildFile; fileRef = __PBXFileRef_Tests/ProtobufTests/Test_Any.swift /* Test_Any.swift */; };
		__src_cc_ref_Tests/ProtobufTests/Test_Api.swift /* Test_Api.swift in Sources */ = {isa = PBXBuildFile; fileRef = __PBXFileRef_Tests/ProtobufTests/Test_Api.swift /* Test_Api.swift */; };
		__src_cc_ref_Tests/ProtobufTests/Test_Conformance.swift /* Test_Conformance.swift in Sources */ = {isa = PBXBuildFile; fileRef = __PBXFileRef_Tests/ProtobufTests/Test_Conformance.swift /* Test_Conformance.swift */; };
		__src_cc_ref_Tests/ProtobufTests/Test_Descriptor.swift /* Test_Descriptor.swift in Sources */ = {isa = PBXBuildFile; fileRef = __PBXFileRef_Tests/ProtobufTests/Test_Descriptor.swift /* Test_Descriptor.swift */; };
		__src_cc_ref_Tests/ProtobufTests/Test_Duration.swift /* Test_Duration.swift in Sources */ = {isa = PBXBuildFile; fileRef = __PBXFileRef_Tests/ProtobufTests/Test_Duration.swift /* Test_Duration.swift */; };
		__src_cc_ref_Tests/ProtobufTests/Test_Empty.swift /* Test_Empty.swift in Sources */ = {isa = PBXBuildFile; fileRef = __PBXFileRef_Tests/ProtobufTests/Test_Empty.swift /* Test_Empty.swift */; };
		__src_cc_ref_Tests/ProtobufTests/Test_Enum.swift /* Test_Enum.swift in Sources */ = {isa = PBXBuildFile; fileRef = __PBXFileRef_Tests/ProtobufTests/Test_Enum.swift /* Test_Enum.swift */; };
		__src_cc_ref_Tests/ProtobufTests/Test_Extensions.swift /* Test_Extensions.swift in Sources */ = {isa = PBXBuildFile; fileRef = __PBXFileRef_Tests/ProtobufTests/Test_Extensions.swift /* Test_Extensions.swift */; };
		__src_cc_ref_Tests/ProtobufTests/Test_ExtremeDefaultValues.swift /* Test_ExtremeDefaultValues.swift in Sources */ = {isa = PBXBuildFile; fileRef = __PBXFileRef_Tests/ProtobufTests/Test_ExtremeDefaultValues.swift /* Test_ExtremeDefaultValues.swift */; };
		__src_cc_ref_Tests/ProtobufTests/Test_FieldMask.swift /* Test_FieldMask.swift in Sources */ = {isa = PBXBuildFile; fileRef = __PBXFileRef_Tests/ProtobufTests/Test_FieldMask.swift /* Test_FieldMask.swift */; };
		__src_cc_ref_Tests/ProtobufTests/Test_FieldOrdering.swift /* Test_FieldOrdering.swift in Sources */ = {isa = PBXBuildFile; fileRef = __PBXFileRef_Tests/ProtobufTests/Test_FieldOrdering.swift /* Test_FieldOrdering.swift */; };
		__src_cc_ref_Tests/ProtobufTests/Test_JSON.swift /* Test_JSON.swift in Sources */ = {isa = PBXBuildFile; fileRef = __PBXFileRef_Tests/ProtobufTests/Test_JSON.swift /* Test_JSON.swift */; };
		__src_cc_ref_Tests/ProtobufTests/Test_JSON_Conformance.swift /* Test_JSON_Conformance.swift in Sources */ = {isa = PBXBuildFile; fileRef = __PBXFileRef_Tests/ProtobufTests/Test_JSON_Conformance.swift /* Test_JSON_Conformance.swift */; };
		__src_cc_ref_Tests/ProtobufTests/Test_JSON_Group.swift /* Test_JSON_Group.swift in Sources */ = {isa = PBXBuildFile; fileRef = __PBXFileRef_Tests/ProtobufTests/Test_JSON_Group.swift /* Test_JSON_Group.swift */; };
		__src_cc_ref_Tests/ProtobufTests/Test_JSON_Scanner.swift /* Test_JSON_Scanner.swift in Sources */ = {isa = PBXBuildFile; fileRef = __PBXFileRef_Tests/ProtobufTests/Test_JSON_Scanner.swift /* Test_JSON_Scanner.swift */; };
		__src_cc_ref_Tests/ProtobufTests/Test_Map.swift /* Test_Map.swift in Sources */ = {isa = PBXBuildFile; fileRef = __PBXFileRef_Tests/ProtobufTests/Test_Map.swift /* Test_Map.swift */; };
		__src_cc_ref_Tests/ProtobufTests/Test_Map_JSON.swift /* Test_Map_JSON.swift in Sources */ = {isa = PBXBuildFile; fileRef = __PBXFileRef_Tests/ProtobufTests/Test_Map_JSON.swift /* Test_Map_JSON.swift */; };
		__src_cc_ref_Tests/ProtobufTests/Test_Packed.swift /* Test_Packed.swift in Sources */ = {isa = PBXBuildFile; fileRef = __PBXFileRef_Tests/ProtobufTests/Test_Packed.swift /* Test_Packed.swift */; };
		__src_cc_ref_Tests/ProtobufTests/Test_ParsingMerge.swift /* Test_ParsingMerge.swift in Sources */ = {isa = PBXBuildFile; fileRef = __PBXFileRef_Tests/ProtobufTests/Test_ParsingMerge.swift /* Test_ParsingMerge.swift */; };
		__src_cc_ref_Tests/ProtobufTests/Test_Performance.swift /* Test_Performance.swift in Sources */ = {isa = PBXBuildFile; fileRef = __PBXFileRef_Tests/ProtobufTests/Test_Performance.swift /* Test_Performance.swift */; };
		__src_cc_ref_Tests/ProtobufTests/Test_ReallyLargeTagNumber.swift /* Test_ReallyLargeTagNumber.swift in Sources */ = {isa = PBXBuildFile; fileRef = __PBXFileRef_Tests/ProtobufTests/Test_ReallyLargeTagNumber.swift /* Test_ReallyLargeTagNumber.swift */; };
		__src_cc_ref_Tests/ProtobufTests/Test_RecursiveMap.swift /* Test_RecursiveMap.swift in Sources */ = {isa = PBXBuildFile; fileRef = __PBXFileRef_Tests/ProtobufTests/Test_RecursiveMap.swift /* Test_RecursiveMap.swift */; };
		__src_cc_ref_Tests/ProtobufTests/Test_Required.swift /* Test_Required.swift in Sources */ = {isa = PBXBuildFile; fileRef = __PBXFileRef_Tests/ProtobufTests/Test_Required.swift /* Test_Required.swift */; };
		__src_cc_ref_Tests/ProtobufTests/Test_Reserved.swift /* Test_Reserved.swift in Sources */ = {isa = PBXBuildFile; fileRef = __PBXFileRef_Tests/ProtobufTests/Test_Reserved.swift /* Test_Reserved.swift */; };
		__src_cc_ref_Tests/ProtobufTests/Test_Struct.swift /* Test_Struct.swift in Sources */ = {isa = PBXBuildFile; fileRef = __PBXFileRef_Tests/ProtobufTests/Test_Struct.swift /* Test_Struct.swift */; };
		__src_cc_ref_Tests/ProtobufTests/Test_Timestamp.swift /* Test_Timestamp.swift in Sources */ = {isa = PBXBuildFile; fileRef = __PBXFileRef_Tests/ProtobufTests/Test_Timestamp.swift /* Test_Timestamp.swift */; };
		__src_cc_ref_Tests/ProtobufTests/Test_Type.swift /* Test_Type.swift in Sources */ = {isa = PBXBuildFile; fileRef = __PBXFileRef_Tests/ProtobufTests/Test_Type.swift /* Test_Type.swift */; };
		__src_cc_ref_Tests/ProtobufTests/Test_Unknown_proto2.swift /* Test_Unknown_proto2.swift in Sources */ = {isa = PBXBuildFile; fileRef = __PBXFileRef_Tests/ProtobufTests/Test_Unknown_proto2.swift /* Test_Unknown_proto2.swift */; };
		__src_cc_ref_Tests/ProtobufTests/Test_Unknown_proto3.swift /* Test_Unknown_proto3.swift in Sources */ = {isa = PBXBuildFile; fileRef = __PBXFileRef_Tests/ProtobufTests/Test_Unknown_proto3.swift /* Test_Unknown_proto3.swift */; };
		__src_cc_ref_Tests/ProtobufTests/Test_Wrappers.swift /* Test_Wrappers.swift in Sources */ = {isa = PBXBuildFile; fileRef = __PBXFileRef_Tests/ProtobufTests/Test_Wrappers.swift /* Test_Wrappers.swift */; };
		__src_cc_ref_Tests/ProtobufTests/any_test.pb.swift /* any_test.pb.swift in Sources */ = {isa = PBXBuildFile; fileRef = __PBXFileRef_Tests/ProtobufTests/any_test.pb.swift /* any_test.pb.swift */; };
		__src_cc_ref_Tests/ProtobufTests/conformance.pb.swift /* conformance.pb.swift in Sources */ = {isa = PBXBuildFile; fileRef = __PBXFileRef_Tests/ProtobufTests/conformance.pb.swift /* conformance.pb.swift */; };
		__src_cc_ref_Tests/ProtobufTests/map_unittest.pb.swift /* map_unittest.pb.swift in Sources */ = {isa = PBXBuildFile; fileRef = __PBXFileRef_Tests/ProtobufTests/map_unittest.pb.swift /* map_unittest.pb.swift */; };
		__src_cc_ref_Tests/ProtobufTests/map_unittest_proto3.pb.swift /* map_unittest_proto3.pb.swift in Sources */ = {isa = PBXBuildFile; fileRef = __PBXFileRef_Tests/ProtobufTests/map_unittest_proto3.pb.swift /* map_unittest_proto3.pb.swift */; };
		__src_cc_ref_Tests/ProtobufTests/unittest.pb.swift /* unittest.pb.swift in Sources */ = {isa = PBXBuildFile; fileRef = __PBXFileRef_Tests/ProtobufTests/unittest.pb.swift /* unittest.pb.swift */; };
		__src_cc_ref_Tests/ProtobufTests/unittest_arena.pb.swift /* unittest_arena.pb.swift in Sources */ = {isa = PBXBuildFile; fileRef = __PBXFileRef_Tests/ProtobufTests/unittest_arena.pb.swift /* unittest_arena.pb.swift */; };
		__src_cc_ref_Tests/ProtobufTests/unittest_custom_options.pb.swift /* unittest_custom_options.pb.swift in Sources */ = {isa = PBXBuildFile; fileRef = __PBXFileRef_Tests/ProtobufTests/unittest_custom_options.pb.swift /* unittest_custom_options.pb.swift */; };
		__src_cc_ref_Tests/ProtobufTests/unittest_drop_unknown_fields.pb.swift /* unittest_drop_unknown_fields.pb.swift in Sources */ = {isa = PBXBuildFile; fileRef = __PBXFileRef_Tests/ProtobufTests/unittest_drop_unknown_fields.pb.swift /* unittest_drop_unknown_fields.pb.swift */; };
		__src_cc_ref_Tests/ProtobufTests/unittest_embed_optimize_for.pb.swift /* unittest_embed_optimize_for.pb.swift in Sources */ = {isa = PBXBuildFile; fileRef = __PBXFileRef_Tests/ProtobufTests/unittest_embed_optimize_for.pb.swift /* unittest_embed_optimize_for.pb.swift */; };
		__src_cc_ref_Tests/ProtobufTests/unittest_empty.pb.swift /* unittest_empty.pb.swift in Sources */ = {isa = PBXBuildFile; fileRef = __PBXFileRef_Tests/ProtobufTests/unittest_empty.pb.swift /* unittest_empty.pb.swift */; };
		__src_cc_ref_Tests/ProtobufTests/unittest_import.pb.swift /* unittest_import.pb.swift in Sources */ = {isa = PBXBuildFile; fileRef = __PBXFileRef_Tests/ProtobufTests/unittest_import.pb.swift /* unittest_import.pb.swift */; };
		__src_cc_ref_Tests/ProtobufTests/unittest_import_lite.pb.swift /* unittest_import_lite.pb.swift in Sources */ = {isa = PBXBuildFile; fileRef = __PBXFileRef_Tests/ProtobufTests/unittest_import_lite.pb.swift /* unittest_import_lite.pb.swift */; };
		__src_cc_ref_Tests/ProtobufTests/unittest_import_proto3.pb.swift /* unittest_import_proto3.pb.swift in Sources */ = {isa = PBXBuildFile; fileRef = __PBXFileRef_Tests/ProtobufTests/unittest_import_proto3.pb.swift /* unittest_import_proto3.pb.swift */; };
		__src_cc_ref_Tests/ProtobufTests/unittest_import_public.pb.swift /* unittest_import_public.pb.swift in Sources */ = {isa = PBXBuildFile; fileRef = __PBXFileRef_Tests/ProtobufTests/unittest_import_public.pb.swift /* unittest_import_public.pb.swift */; };
		__src_cc_ref_Tests/ProtobufTests/unittest_import_public_lite.pb.swift /* unittest_import_public_lite.pb.swift in Sources */ = {isa = PBXBuildFile; fileRef = __PBXFileRef_Tests/ProtobufTests/unittest_import_public_lite.pb.swift /* unittest_import_public_lite.pb.swift */; };
		__src_cc_ref_Tests/ProtobufTests/unittest_import_public_proto3.pb.swift /* unittest_import_public_proto3.pb.swift in Sources */ = {isa = PBXBuildFile; fileRef = __PBXFileRef_Tests/ProtobufTests/unittest_import_public_proto3.pb.swift /* unittest_import_public_proto3.pb.swift */; };
		__src_cc_ref_Tests/ProtobufTests/unittest_lite.pb.swift /* unittest_lite.pb.swift in Sources */ = {isa = PBXBuildFile; fileRef = __PBXFileRef_Tests/ProtobufTests/unittest_lite.pb.swift /* unittest_lite.pb.swift */; };
		__src_cc_ref_Tests/ProtobufTests/unittest_lite_imports_nonlite.pb.swift /* unittest_lite_imports_nonlite.pb.swift in Sources */ = {isa = PBXBuildFile; fileRef = __PBXFileRef_Tests/ProtobufTests/unittest_lite_imports_nonlite.pb.swift /* unittest_lite_imports_nonlite.pb.swift */; };
		__src_cc_ref_Tests/ProtobufTests/unittest_mset.pb.swift /* unittest_mset.pb.swift in Sources */ = {isa = PBXBuildFile; fileRef = __PBXFileRef_Tests/ProtobufTests/unittest_mset.pb.swift /* unittest_mset.pb.swift */; };
		__src_cc_ref_Tests/ProtobufTests/unittest_mset_wire_format.pb.swift /* unittest_mset_wire_format.pb.swift in Sources */ = {isa = PBXBuildFile; fileRef = __PBXFileRef_Tests/ProtobufTests/unittest_mset_wire_format.pb.swift /* unittest_mset_wire_format.pb.swift */; };
		__src_cc_ref_Tests/ProtobufTests/unittest_no_arena.pb.swift /* unittest_no_arena.pb.swift in Sources */ = {isa = PBXBuildFile; fileRef = __PBXFileRef_Tests/ProtobufTests/unittest_no_arena.pb.swift /* unittest_no_arena.pb.swift */; };
		__src_cc_ref_Tests/ProtobufTests/unittest_no_arena_import.pb.swift /* unittest_no_arena_import.pb.swift in Sources */ = {isa = PBXBuildFile; fileRef = __PBXFileRef_Tests/ProtobufTests/unittest_no_arena_import.pb.swift /* unittest_no_arena_import.pb.swift */; };
		__src_cc_ref_Tests/ProtobufTests/unittest_no_arena_lite.pb.swift /* unittest_no_arena_lite.pb.swift in Sources */ = {isa = PBXBuildFile; fileRef = __PBXFileRef_Tests/ProtobufTests/unittest_no_arena_lite.pb.swift /* unittest_no_arena_lite.pb.swift */; };
		__src_cc_ref_Tests/ProtobufTests/unittest_no_field_presence.pb.swift /* unittest_no_field_presence.pb.swift in Sources */ = {isa = PBXBuildFile; fileRef = __PBXFileRef_Tests/ProtobufTests/unittest_no_field_presence.pb.swift /* unittest_no_field_presence.pb.swift */; };
		__src_cc_ref_Tests/ProtobufTests/unittest_no_generic_services.pb.swift /* unittest_no_generic_services.pb.swift in Sources */ = {isa = PBXBuildFile; fileRef = __PBXFileRef_Tests/ProtobufTests/unittest_no_generic_services.pb.swift /* unittest_no_generic_services.pb.swift */; };
		__src_cc_ref_Tests/ProtobufTests/unittest_optimize_for.pb.swift /* unittest_optimize_for.pb.swift in Sources */ = {isa = PBXBuildFile; fileRef = __PBXFileRef_Tests/ProtobufTests/unittest_optimize_for.pb.swift /* unittest_optimize_for.pb.swift */; };
		__src_cc_ref_Tests/ProtobufTests/unittest_preserve_unknown_enum.pb.swift /* unittest_preserve_unknown_enum.pb.swift in Sources */ = {isa = PBXBuildFile; fileRef = __PBXFileRef_Tests/ProtobufTests/unittest_preserve_unknown_enum.pb.swift /* unittest_preserve_unknown_enum.pb.swift */; };
		__src_cc_ref_Tests/ProtobufTests/unittest_preserve_unknown_enum2.pb.swift /* unittest_preserve_unknown_enum2.pb.swift in Sources */ = {isa = PBXBuildFile; fileRef = __PBXFileRef_Tests/ProtobufTests/unittest_preserve_unknown_enum2.pb.swift /* unittest_preserve_unknown_enum2.pb.swift */; };
		__src_cc_ref_Tests/ProtobufTests/unittest_proto3.pb.swift /* unittest_proto3.pb.swift in Sources */ = {isa = PBXBuildFile; fileRef = __PBXFileRef_Tests/ProtobufTests/unittest_proto3.pb.swift /* unittest_proto3.pb.swift */; };
		__src_cc_ref_Tests/ProtobufTests/unittest_proto3_arena.pb.swift /* unittest_proto3_arena.pb.swift in Sources */ = {isa = PBXBuildFile; fileRef = __PBXFileRef_Tests/ProtobufTests/unittest_proto3_arena.pb.swift /* unittest_proto3_arena.pb.swift */; };
		__src_cc_ref_Tests/ProtobufTests/unittest_swift_all_required_types.pb.swift /* unittest_swift_all_required_types.pb.swift in Sources */ = {isa = PBXBuildFile; fileRef = __PBXFileRef_Tests/ProtobufTests/unittest_swift_all_required_types.pb.swift /* unittest_swift_all_required_types.pb.swift */; };
		__src_cc_ref_Tests/ProtobufTests/unittest_swift_cycle.pb.swift /* unittest_swift_cycle.pb.swift in Sources */ = {isa = PBXBuildFile; fileRef = __PBXFileRef_Tests/ProtobufTests/unittest_swift_cycle.pb.swift /* unittest_swift_cycle.pb.swift */; };
		__src_cc_ref_Tests/ProtobufTests/unittest_swift_enum.pb.swift /* unittest_swift_enum.pb.swift in Sources */ = {isa = PBXBuildFile; fileRef = __PBXFileRef_Tests/ProtobufTests/unittest_swift_enum.pb.swift /* unittest_swift_enum.pb.swift */; };
		__src_cc_ref_Tests/ProtobufTests/unittest_swift_enum_optional_default.pb.swift /* unittest_swift_enum_optional_default.pb.swift in Sources */ = {isa = PBXBuildFile; fileRef = __PBXFileRef_Tests/ProtobufTests/unittest_swift_enum_optional_default.pb.swift /* unittest_swift_enum_optional_default.pb.swift */; };
		__src_cc_ref_Tests/ProtobufTests/unittest_swift_extension.pb.swift /* unittest_swift_extension.pb.swift in Sources */ = {isa = PBXBuildFile; fileRef = __PBXFileRef_Tests/ProtobufTests/unittest_swift_extension.pb.swift /* unittest_swift_extension.pb.swift */; };
		__src_cc_ref_Tests/ProtobufTests/unittest_swift_fieldorder.pb.swift /* unittest_swift_fieldorder.pb.swift in Sources */ = {isa = PBXBuildFile; fileRef = __PBXFileRef_Tests/ProtobufTests/unittest_swift_fieldorder.pb.swift /* unittest_swift_fieldorder.pb.swift */; };
		__src_cc_ref_Tests/ProtobufTests/unittest_swift_groups.pb.swift /* unittest_swift_groups.pb.swift in Sources */ = {isa = PBXBuildFile; fileRef = __PBXFileRef_Tests/ProtobufTests/unittest_swift_groups.pb.swift /* unittest_swift_groups.pb.swift */; };
		__src_cc_ref_Tests/ProtobufTests/unittest_swift_naming.pb.swift /* unittest_swift_naming.pb.swift in Sources */ = {isa = PBXBuildFile; fileRef = __PBXFileRef_Tests/ProtobufTests/unittest_swift_naming.pb.swift /* unittest_swift_naming.pb.swift */; };
		__src_cc_ref_Tests/ProtobufTests/unittest_swift_performance.pb.swift /* unittest_swift_performance.pb.swift in Sources */ = {isa = PBXBuildFile; fileRef = __PBXFileRef_Tests/ProtobufTests/unittest_swift_performance.pb.swift /* unittest_swift_performance.pb.swift */; };
		__src_cc_ref_Tests/ProtobufTests/unittest_swift_reserved.pb.swift /* unittest_swift_reserved.pb.swift in Sources */ = {isa = PBXBuildFile; fileRef = __PBXFileRef_Tests/ProtobufTests/unittest_swift_reserved.pb.swift /* unittest_swift_reserved.pb.swift */; };
		__src_cc_ref_Tests/ProtobufTests/unittest_swift_runtime_proto2.pb.swift /* unittest_swift_runtime_proto2.pb.swift in Sources */ = {isa = PBXBuildFile; fileRef = __PBXFileRef_Tests/ProtobufTests/unittest_swift_runtime_proto2.pb.swift /* unittest_swift_runtime_proto2.pb.swift */; };
		__src_cc_ref_Tests/ProtobufTests/unittest_swift_runtime_proto3.pb.swift /* unittest_swift_runtime_proto3.pb.swift in Sources */ = {isa = PBXBuildFile; fileRef = __PBXFileRef_Tests/ProtobufTests/unittest_swift_runtime_proto3.pb.swift /* unittest_swift_runtime_proto3.pb.swift */; };
		__src_cc_ref_Tests/ProtobufTests/unittest_swift_startup.pb.swift /* unittest_swift_startup.pb.swift in Sources */ = {isa = PBXBuildFile; fileRef = __PBXFileRef_Tests/ProtobufTests/unittest_swift_startup.pb.swift /* unittest_swift_startup.pb.swift */; };
		__src_cc_ref_Tests/ProtobufTests/unittest_well_known_types.pb.swift /* unittest_well_known_types.pb.swift in Sources */ = {isa = PBXBuildFile; fileRef = __PBXFileRef_Tests/ProtobufTests/unittest_well_known_types.pb.swift /* unittest_well_known_types.pb.swift */; };
/* End PBXBuildFile section */

/* Begin PBXContainerItemProxy section */
		9CAEA5251D25B35600EB832A /* PBXContainerItemProxy */ = {
			isa = PBXContainerItemProxy;
			containerPortal = __RootObject_ /* Project object */;
			proxyType = 1;
			remoteGlobalIDString = "______Target_Protobuf";
			remoteInfo = Protobuf;
		};
/* End PBXContainerItemProxy section */

/* Begin PBXFileReference section */
		9C2F23781D778003008524F2 /* descriptor.pb.swift */ = {isa = PBXFileReference; fileEncoding = 4; lastKnownFileType = sourcecode.swift; path = descriptor.pb.swift; sourceTree = "<group>"; };
		__PBXFileRef_Package.swift /* Package.swift */ = {isa = PBXFileReference; lastKnownFileType = sourcecode.swift; path = Package.swift; sourceTree = "<group>"; };
		__PBXFileRef_ProtobufTestSuite_Info.plist /* ProtobufTestSuite_Info.plist */ = {isa = PBXFileReference; lastKnownFileType = text.plist.xml; name = ProtobufTestSuite_Info.plist; path = SwiftProtobufRuntime_macOS.xcodeproj/ProtobufTestSuite_Info.plist; sourceTree = SOURCE_ROOT; };
		__PBXFileRef_Protobuf_Info.plist /* Protobuf_Info.plist */ = {isa = PBXFileReference; lastKnownFileType = text.plist.xml; name = Protobuf_Info.plist; path = SwiftProtobufRuntime_macOS.xcodeproj/Protobuf_Info.plist; sourceTree = SOURCE_ROOT; };
		__PBXFileRef_Sources/Protobuf/Google_Protobuf_Any.swift /* Google_Protobuf_Any.swift */ = {isa = PBXFileReference; lastKnownFileType = sourcecode.swift; path = Google_Protobuf_Any.swift; sourceTree = "<group>"; };
		__PBXFileRef_Sources/Protobuf/Google_Protobuf_Duration_Extensions.swift /* Google_Protobuf_Duration_Extensions.swift */ = {isa = PBXFileReference; lastKnownFileType = sourcecode.swift; path = Google_Protobuf_Duration_Extensions.swift; sourceTree = "<group>"; };
		__PBXFileRef_Sources/Protobuf/Google_Protobuf_FieldMask_Extensions.swift /* Google_Protobuf_FieldMask_Extensions.swift */ = {isa = PBXFileReference; lastKnownFileType = sourcecode.swift; path = Google_Protobuf_FieldMask_Extensions.swift; sourceTree = "<group>"; };
		__PBXFileRef_Sources/Protobuf/Google_Protobuf_Struct.swift /* Google_Protobuf_Struct.swift */ = {isa = PBXFileReference; lastKnownFileType = sourcecode.swift; path = Google_Protobuf_Struct.swift; sourceTree = "<group>"; };
		__PBXFileRef_Sources/Protobuf/Google_Protobuf_Timestamp_Extensions.swift /* Google_Protobuf_Timestamp_Extensions.swift */ = {isa = PBXFileReference; lastKnownFileType = sourcecode.swift; path = Google_Protobuf_Timestamp_Extensions.swift; sourceTree = "<group>"; };
		__PBXFileRef_Sources/Protobuf/Google_Protobuf_Wrappers.swift /* Google_Protobuf_Wrappers.swift */ = {isa = PBXFileReference; lastKnownFileType = sourcecode.swift; path = Google_Protobuf_Wrappers.swift; sourceTree = "<group>"; };
		__PBXFileRef_Sources/Protobuf/ProtobufBinaryDecoding.swift /* ProtobufBinaryDecoding.swift */ = {isa = PBXFileReference; lastKnownFileType = sourcecode.swift; path = ProtobufBinaryDecoding.swift; sourceTree = "<group>"; };
		__PBXFileRef_Sources/Protobuf/ProtobufBinaryEncoding.swift /* ProtobufBinaryEncoding.swift */ = {isa = PBXFileReference; lastKnownFileType = sourcecode.swift; path = ProtobufBinaryEncoding.swift; sourceTree = "<group>"; };
		__PBXFileRef_Sources/Protobuf/ProtobufBinaryTypes.swift /* ProtobufBinaryTypes.swift */ = {isa = PBXFileReference; lastKnownFileType = sourcecode.swift; path = ProtobufBinaryTypes.swift; sourceTree = "<group>"; };
		__PBXFileRef_Sources/Protobuf/ProtobufDebugDescription.swift /* ProtobufDebugDescription.swift */ = {isa = PBXFileReference; lastKnownFileType = sourcecode.swift; path = ProtobufDebugDescription.swift; sourceTree = "<group>"; };
		__PBXFileRef_Sources/Protobuf/ProtobufEnum.swift /* ProtobufEnum.swift */ = {isa = PBXFileReference; lastKnownFileType = sourcecode.swift; path = ProtobufEnum.swift; sourceTree = "<group>"; };
		__PBXFileRef_Sources/Protobuf/ProtobufError.swift /* ProtobufError.swift */ = {isa = PBXFileReference; lastKnownFileType = sourcecode.swift; path = ProtobufError.swift; sourceTree = "<group>"; };
		__PBXFileRef_Sources/Protobuf/ProtobufExtensionFields.swift /* ProtobufExtensionFields.swift */ = {isa = PBXFileReference; lastKnownFileType = sourcecode.swift; path = ProtobufExtensionFields.swift; sourceTree = "<group>"; };
		__PBXFileRef_Sources/Protobuf/ProtobufExtensions.swift /* ProtobufExtensions.swift */ = {isa = PBXFileReference; lastKnownFileType = sourcecode.swift; path = ProtobufExtensions.swift; sourceTree = "<group>"; };
		__PBXFileRef_Sources/Protobuf/ProtobufFieldDecoder.swift /* ProtobufFieldDecoder.swift */ = {isa = PBXFileReference; lastKnownFileType = sourcecode.swift; path = ProtobufFieldDecoder.swift; sourceTree = "<group>"; };
		__PBXFileRef_Sources/Protobuf/ProtobufGroup.swift /* ProtobufGroup.swift */ = {isa = PBXFileReference; lastKnownFileType = sourcecode.swift; path = ProtobufGroup.swift; sourceTree = "<group>"; };
		__PBXFileRef_Sources/Protobuf/ProtobufHash.swift /* ProtobufHash.swift */ = {isa = PBXFileReference; lastKnownFileType = sourcecode.swift; path = ProtobufHash.swift; sourceTree = "<group>"; };
		__PBXFileRef_Sources/Protobuf/ProtobufJSONDecoding.swift /* ProtobufJSONDecoding.swift */ = {isa = PBXFileReference; lastKnownFileType = sourcecode.swift; path = ProtobufJSONDecoding.swift; sourceTree = "<group>"; };
		__PBXFileRef_Sources/Protobuf/ProtobufJSONEncoding.swift /* ProtobufJSONEncoding.swift */ = {isa = PBXFileReference; lastKnownFileType = sourcecode.swift; path = ProtobufJSONEncoding.swift; sourceTree = "<group>"; };
		__PBXFileRef_Sources/Protobuf/ProtobufJSONTypes.swift /* ProtobufJSONTypes.swift */ = {isa = PBXFileReference; lastKnownFileType = sourcecode.swift; path = ProtobufJSONTypes.swift; sourceTree = "<group>"; };
		__PBXFileRef_Sources/Protobuf/ProtobufMessage.swift /* ProtobufMessage.swift */ = {isa = PBXFileReference; lastKnownFileType = sourcecode.swift; path = ProtobufMessage.swift; sourceTree = "<group>"; };
		__PBXFileRef_Sources/Protobuf/ProtobufMirror.swift /* ProtobufMirror.swift */ = {isa = PBXFileReference; lastKnownFileType = sourcecode.swift; path = ProtobufMirror.swift; sourceTree = "<group>"; };
		__PBXFileRef_Sources/Protobuf/ProtobufOneof.swift /* ProtobufOneof.swift */ = {isa = PBXFileReference; lastKnownFileType = sourcecode.swift; path = ProtobufOneof.swift; sourceTree = "<group>"; };
		__PBXFileRef_Sources/Protobuf/ProtobufRawMessage.swift /* ProtobufRawMessage.swift */ = {isa = PBXFileReference; lastKnownFileType = sourcecode.swift; path = ProtobufRawMessage.swift; sourceTree = "<group>"; };
		__PBXFileRef_Sources/Protobuf/ProtobufTraversal.swift /* ProtobufTraversal.swift */ = {isa = PBXFileReference; lastKnownFileType = sourcecode.swift; path = ProtobufTraversal.swift; sourceTree = "<group>"; };
		__PBXFileRef_Sources/Protobuf/ProtobufTypes.swift /* ProtobufTypes.swift */ = {isa = PBXFileReference; lastKnownFileType = sourcecode.swift; path = ProtobufTypes.swift; sourceTree = "<group>"; };
		__PBXFileRef_Sources/Protobuf/ProtobufUnknown.swift /* ProtobufUnknown.swift */ = {isa = PBXFileReference; lastKnownFileType = sourcecode.swift; path = ProtobufUnknown.swift; sourceTree = "<group>"; };
		__PBXFileRef_Sources/Protobuf/ProtobufUtility.swift /* ProtobufUtility.swift */ = {isa = PBXFileReference; lastKnownFileType = sourcecode.swift; path = ProtobufUtility.swift; sourceTree = "<group>"; };
		__PBXFileRef_Sources/Protobuf/api.pb.swift /* api.pb.swift */ = {isa = PBXFileReference; lastKnownFileType = sourcecode.swift; path = api.pb.swift; sourceTree = "<group>"; };
		__PBXFileRef_Sources/Protobuf/duration.pb.swift /* duration.pb.swift */ = {isa = PBXFileReference; lastKnownFileType = sourcecode.swift; path = duration.pb.swift; sourceTree = "<group>"; };
		__PBXFileRef_Sources/Protobuf/empty.pb.swift /* empty.pb.swift */ = {isa = PBXFileReference; lastKnownFileType = sourcecode.swift; path = empty.pb.swift; sourceTree = "<group>"; };
		__PBXFileRef_Sources/Protobuf/field_mask.pb.swift /* field_mask.pb.swift */ = {isa = PBXFileReference; lastKnownFileType = sourcecode.swift; path = field_mask.pb.swift; sourceTree = "<group>"; };
		__PBXFileRef_Sources/Protobuf/source_context.pb.swift /* source_context.pb.swift */ = {isa = PBXFileReference; lastKnownFileType = sourcecode.swift; path = source_context.pb.swift; sourceTree = "<group>"; };
		__PBXFileRef_Sources/Protobuf/timestamp.pb.swift /* timestamp.pb.swift */ = {isa = PBXFileReference; lastKnownFileType = sourcecode.swift; path = timestamp.pb.swift; sourceTree = "<group>"; };
		__PBXFileRef_Sources/Protobuf/type.pb.swift /* type.pb.swift */ = {isa = PBXFileReference; lastKnownFileType = sourcecode.swift; path = type.pb.swift; sourceTree = "<group>"; };
		__PBXFileRef_SwiftProtobufRuntime_macOS.xcodeproj/Configs/Project.xcconfig /* Project.xcconfig */ = {isa = PBXFileReference; lastKnownFileType = text.xcconfig; name = Project.xcconfig; path = SwiftProtobufRuntime_macOS.xcodeproj/Configs/Project.xcconfig; sourceTree = "<group>"; };
		__PBXFileRef_Tests/ProtobufTests/Helpers.swift /* Helpers.swift */ = {isa = PBXFileReference; lastKnownFileType = sourcecode.swift; path = Helpers.swift; sourceTree = "<group>"; };
		__PBXFileRef_Tests/ProtobufTests/Test_AllTypes.swift /* Test_AllTypes.swift */ = {isa = PBXFileReference; lastKnownFileType = sourcecode.swift; path = Test_AllTypes.swift; sourceTree = "<group>"; };
		__PBXFileRef_Tests/ProtobufTests/Test_AllTypes_Proto3.swift /* Test_AllTypes_Proto3.swift */ = {isa = PBXFileReference; lastKnownFileType = sourcecode.swift; path = Test_AllTypes_Proto3.swift; sourceTree = "<group>"; };
		__PBXFileRef_Tests/ProtobufTests/Test_Any.swift /* Test_Any.swift */ = {isa = PBXFileReference; lastKnownFileType = sourcecode.swift; path = Test_Any.swift; sourceTree = "<group>"; };
		__PBXFileRef_Tests/ProtobufTests/Test_Api.swift /* Test_Api.swift */ = {isa = PBXFileReference; lastKnownFileType = sourcecode.swift; path = Test_Api.swift; sourceTree = "<group>"; };
		__PBXFileRef_Tests/ProtobufTests/Test_Conformance.swift /* Test_Conformance.swift */ = {isa = PBXFileReference; lastKnownFileType = sourcecode.swift; path = Test_Conformance.swift; sourceTree = "<group>"; };
		__PBXFileRef_Tests/ProtobufTests/Test_Descriptor.swift /* Test_Descriptor.swift */ = {isa = PBXFileReference; lastKnownFileType = sourcecode.swift; path = Test_Descriptor.swift; sourceTree = "<group>"; };
		__PBXFileRef_Tests/ProtobufTests/Test_Duration.swift /* Test_Duration.swift */ = {isa = PBXFileReference; lastKnownFileType = sourcecode.swift; path = Test_Duration.swift; sourceTree = "<group>"; };
		__PBXFileRef_Tests/ProtobufTests/Test_Empty.swift /* Test_Empty.swift */ = {isa = PBXFileReference; lastKnownFileType = sourcecode.swift; path = Test_Empty.swift; sourceTree = "<group>"; };
		__PBXFileRef_Tests/ProtobufTests/Test_Enum.swift /* Test_Enum.swift */ = {isa = PBXFileReference; lastKnownFileType = sourcecode.swift; path = Test_Enum.swift; sourceTree = "<group>"; };
		__PBXFileRef_Tests/ProtobufTests/Test_Extensions.swift /* Test_Extensions.swift */ = {isa = PBXFileReference; lastKnownFileType = sourcecode.swift; path = Test_Extensions.swift; sourceTree = "<group>"; };
		__PBXFileRef_Tests/ProtobufTests/Test_ExtremeDefaultValues.swift /* Test_ExtremeDefaultValues.swift */ = {isa = PBXFileReference; lastKnownFileType = sourcecode.swift; path = Test_ExtremeDefaultValues.swift; sourceTree = "<group>"; };
		__PBXFileRef_Tests/ProtobufTests/Test_FieldMask.swift /* Test_FieldMask.swift */ = {isa = PBXFileReference; lastKnownFileType = sourcecode.swift; path = Test_FieldMask.swift; sourceTree = "<group>"; };
		__PBXFileRef_Tests/ProtobufTests/Test_FieldOrdering.swift /* Test_FieldOrdering.swift */ = {isa = PBXFileReference; lastKnownFileType = sourcecode.swift; path = Test_FieldOrdering.swift; sourceTree = "<group>"; };
		__PBXFileRef_Tests/ProtobufTests/Test_JSON.swift /* Test_JSON.swift */ = {isa = PBXFileReference; lastKnownFileType = sourcecode.swift; path = Test_JSON.swift; sourceTree = "<group>"; };
		__PBXFileRef_Tests/ProtobufTests/Test_JSON_Conformance.swift /* Test_JSON_Conformance.swift */ = {isa = PBXFileReference; lastKnownFileType = sourcecode.swift; path = Test_JSON_Conformance.swift; sourceTree = "<group>"; };
		__PBXFileRef_Tests/ProtobufTests/Test_JSON_Group.swift /* Test_JSON_Group.swift */ = {isa = PBXFileReference; lastKnownFileType = sourcecode.swift; path = Test_JSON_Group.swift; sourceTree = "<group>"; };
		__PBXFileRef_Tests/ProtobufTests/Test_JSON_Scanner.swift /* Test_JSON_Scanner.swift */ = {isa = PBXFileReference; lastKnownFileType = sourcecode.swift; path = Test_JSON_Scanner.swift; sourceTree = "<group>"; };
		__PBXFileRef_Tests/ProtobufTests/Test_Map.swift /* Test_Map.swift */ = {isa = PBXFileReference; lastKnownFileType = sourcecode.swift; path = Test_Map.swift; sourceTree = "<group>"; };
		__PBXFileRef_Tests/ProtobufTests/Test_Map_JSON.swift /* Test_Map_JSON.swift */ = {isa = PBXFileReference; lastKnownFileType = sourcecode.swift; path = Test_Map_JSON.swift; sourceTree = "<group>"; };
		__PBXFileRef_Tests/ProtobufTests/Test_Packed.swift /* Test_Packed.swift */ = {isa = PBXFileReference; lastKnownFileType = sourcecode.swift; path = Test_Packed.swift; sourceTree = "<group>"; };
		__PBXFileRef_Tests/ProtobufTests/Test_ParsingMerge.swift /* Test_ParsingMerge.swift */ = {isa = PBXFileReference; lastKnownFileType = sourcecode.swift; path = Test_ParsingMerge.swift; sourceTree = "<group>"; };
		__PBXFileRef_Tests/ProtobufTests/Test_Performance.swift /* Test_Performance.swift */ = {isa = PBXFileReference; lastKnownFileType = sourcecode.swift; path = Test_Performance.swift; sourceTree = "<group>"; };
		__PBXFileRef_Tests/ProtobufTests/Test_ReallyLargeTagNumber.swift /* Test_ReallyLargeTagNumber.swift */ = {isa = PBXFileReference; lastKnownFileType = sourcecode.swift; path = Test_ReallyLargeTagNumber.swift; sourceTree = "<group>"; };
		__PBXFileRef_Tests/ProtobufTests/Test_RecursiveMap.swift /* Test_RecursiveMap.swift */ = {isa = PBXFileReference; lastKnownFileType = sourcecode.swift; path = Test_RecursiveMap.swift; sourceTree = "<group>"; };
		__PBXFileRef_Tests/ProtobufTests/Test_Required.swift /* Test_Required.swift */ = {isa = PBXFileReference; lastKnownFileType = sourcecode.swift; path = Test_Required.swift; sourceTree = "<group>"; };
		__PBXFileRef_Tests/ProtobufTests/Test_Reserved.swift /* Test_Reserved.swift */ = {isa = PBXFileReference; lastKnownFileType = sourcecode.swift; path = Test_Reserved.swift; sourceTree = "<group>"; };
		__PBXFileRef_Tests/ProtobufTests/Test_Struct.swift /* Test_Struct.swift */ = {isa = PBXFileReference; lastKnownFileType = sourcecode.swift; path = Test_Struct.swift; sourceTree = "<group>"; };
		__PBXFileRef_Tests/ProtobufTests/Test_Timestamp.swift /* Test_Timestamp.swift */ = {isa = PBXFileReference; lastKnownFileType = sourcecode.swift; path = Test_Timestamp.swift; sourceTree = "<group>"; };
		__PBXFileRef_Tests/ProtobufTests/Test_Type.swift /* Test_Type.swift */ = {isa = PBXFileReference; lastKnownFileType = sourcecode.swift; path = Test_Type.swift; sourceTree = "<group>"; };
		__PBXFileRef_Tests/ProtobufTests/Test_Unknown_proto2.swift /* Test_Unknown_proto2.swift */ = {isa = PBXFileReference; lastKnownFileType = sourcecode.swift; path = Test_Unknown_proto2.swift; sourceTree = "<group>"; };
		__PBXFileRef_Tests/ProtobufTests/Test_Unknown_proto3.swift /* Test_Unknown_proto3.swift */ = {isa = PBXFileReference; lastKnownFileType = sourcecode.swift; path = Test_Unknown_proto3.swift; sourceTree = "<group>"; };
		__PBXFileRef_Tests/ProtobufTests/Test_Wrappers.swift /* Test_Wrappers.swift */ = {isa = PBXFileReference; lastKnownFileType = sourcecode.swift; path = Test_Wrappers.swift; sourceTree = "<group>"; };
		__PBXFileRef_Tests/ProtobufTests/any_test.pb.swift /* any_test.pb.swift */ = {isa = PBXFileReference; lastKnownFileType = sourcecode.swift; path = any_test.pb.swift; sourceTree = "<group>"; };
		__PBXFileRef_Tests/ProtobufTests/conformance.pb.swift /* conformance.pb.swift */ = {isa = PBXFileReference; lastKnownFileType = sourcecode.swift; path = conformance.pb.swift; sourceTree = "<group>"; };
		__PBXFileRef_Tests/ProtobufTests/map_unittest.pb.swift /* map_unittest.pb.swift */ = {isa = PBXFileReference; lastKnownFileType = sourcecode.swift; path = map_unittest.pb.swift; sourceTree = "<group>"; };
		__PBXFileRef_Tests/ProtobufTests/map_unittest_proto3.pb.swift /* map_unittest_proto3.pb.swift */ = {isa = PBXFileReference; lastKnownFileType = sourcecode.swift; path = map_unittest_proto3.pb.swift; sourceTree = "<group>"; };
		__PBXFileRef_Tests/ProtobufTests/unittest.pb.swift /* unittest.pb.swift */ = {isa = PBXFileReference; lastKnownFileType = sourcecode.swift; path = unittest.pb.swift; sourceTree = "<group>"; };
		__PBXFileRef_Tests/ProtobufTests/unittest_arena.pb.swift /* unittest_arena.pb.swift */ = {isa = PBXFileReference; lastKnownFileType = sourcecode.swift; path = unittest_arena.pb.swift; sourceTree = "<group>"; };
		__PBXFileRef_Tests/ProtobufTests/unittest_custom_options.pb.swift /* unittest_custom_options.pb.swift */ = {isa = PBXFileReference; lastKnownFileType = sourcecode.swift; path = unittest_custom_options.pb.swift; sourceTree = "<group>"; };
		__PBXFileRef_Tests/ProtobufTests/unittest_drop_unknown_fields.pb.swift /* unittest_drop_unknown_fields.pb.swift */ = {isa = PBXFileReference; lastKnownFileType = sourcecode.swift; path = unittest_drop_unknown_fields.pb.swift; sourceTree = "<group>"; };
		__PBXFileRef_Tests/ProtobufTests/unittest_embed_optimize_for.pb.swift /* unittest_embed_optimize_for.pb.swift */ = {isa = PBXFileReference; lastKnownFileType = sourcecode.swift; path = unittest_embed_optimize_for.pb.swift; sourceTree = "<group>"; };
		__PBXFileRef_Tests/ProtobufTests/unittest_empty.pb.swift /* unittest_empty.pb.swift */ = {isa = PBXFileReference; lastKnownFileType = sourcecode.swift; path = unittest_empty.pb.swift; sourceTree = "<group>"; };
		__PBXFileRef_Tests/ProtobufTests/unittest_import.pb.swift /* unittest_import.pb.swift */ = {isa = PBXFileReference; lastKnownFileType = sourcecode.swift; path = unittest_import.pb.swift; sourceTree = "<group>"; };
		__PBXFileRef_Tests/ProtobufTests/unittest_import_lite.pb.swift /* unittest_import_lite.pb.swift */ = {isa = PBXFileReference; lastKnownFileType = sourcecode.swift; path = unittest_import_lite.pb.swift; sourceTree = "<group>"; };
		__PBXFileRef_Tests/ProtobufTests/unittest_import_proto3.pb.swift /* unittest_import_proto3.pb.swift */ = {isa = PBXFileReference; lastKnownFileType = sourcecode.swift; path = unittest_import_proto3.pb.swift; sourceTree = "<group>"; };
		__PBXFileRef_Tests/ProtobufTests/unittest_import_public.pb.swift /* unittest_import_public.pb.swift */ = {isa = PBXFileReference; lastKnownFileType = sourcecode.swift; path = unittest_import_public.pb.swift; sourceTree = "<group>"; };
		__PBXFileRef_Tests/ProtobufTests/unittest_import_public_lite.pb.swift /* unittest_import_public_lite.pb.swift */ = {isa = PBXFileReference; lastKnownFileType = sourcecode.swift; path = unittest_import_public_lite.pb.swift; sourceTree = "<group>"; };
		__PBXFileRef_Tests/ProtobufTests/unittest_import_public_proto3.pb.swift /* unittest_import_public_proto3.pb.swift */ = {isa = PBXFileReference; lastKnownFileType = sourcecode.swift; path = unittest_import_public_proto3.pb.swift; sourceTree = "<group>"; };
		__PBXFileRef_Tests/ProtobufTests/unittest_lite.pb.swift /* unittest_lite.pb.swift */ = {isa = PBXFileReference; lastKnownFileType = sourcecode.swift; path = unittest_lite.pb.swift; sourceTree = "<group>"; };
		__PBXFileRef_Tests/ProtobufTests/unittest_lite_imports_nonlite.pb.swift /* unittest_lite_imports_nonlite.pb.swift */ = {isa = PBXFileReference; lastKnownFileType = sourcecode.swift; path = unittest_lite_imports_nonlite.pb.swift; sourceTree = "<group>"; };
		__PBXFileRef_Tests/ProtobufTests/unittest_mset.pb.swift /* unittest_mset.pb.swift */ = {isa = PBXFileReference; lastKnownFileType = sourcecode.swift; path = unittest_mset.pb.swift; sourceTree = "<group>"; };
		__PBXFileRef_Tests/ProtobufTests/unittest_mset_wire_format.pb.swift /* unittest_mset_wire_format.pb.swift */ = {isa = PBXFileReference; lastKnownFileType = sourcecode.swift; path = unittest_mset_wire_format.pb.swift; sourceTree = "<group>"; };
		__PBXFileRef_Tests/ProtobufTests/unittest_no_arena.pb.swift /* unittest_no_arena.pb.swift */ = {isa = PBXFileReference; lastKnownFileType = sourcecode.swift; path = unittest_no_arena.pb.swift; sourceTree = "<group>"; };
		__PBXFileRef_Tests/ProtobufTests/unittest_no_arena_import.pb.swift /* unittest_no_arena_import.pb.swift */ = {isa = PBXFileReference; lastKnownFileType = sourcecode.swift; path = unittest_no_arena_import.pb.swift; sourceTree = "<group>"; };
		__PBXFileRef_Tests/ProtobufTests/unittest_no_arena_lite.pb.swift /* unittest_no_arena_lite.pb.swift */ = {isa = PBXFileReference; lastKnownFileType = sourcecode.swift; path = unittest_no_arena_lite.pb.swift; sourceTree = "<group>"; };
		__PBXFileRef_Tests/ProtobufTests/unittest_no_field_presence.pb.swift /* unittest_no_field_presence.pb.swift */ = {isa = PBXFileReference; lastKnownFileType = sourcecode.swift; path = unittest_no_field_presence.pb.swift; sourceTree = "<group>"; };
		__PBXFileRef_Tests/ProtobufTests/unittest_no_generic_services.pb.swift /* unittest_no_generic_services.pb.swift */ = {isa = PBXFileReference; lastKnownFileType = sourcecode.swift; path = unittest_no_generic_services.pb.swift; sourceTree = "<group>"; };
		__PBXFileRef_Tests/ProtobufTests/unittest_optimize_for.pb.swift /* unittest_optimize_for.pb.swift */ = {isa = PBXFileReference; lastKnownFileType = sourcecode.swift; path = unittest_optimize_for.pb.swift; sourceTree = "<group>"; };
		__PBXFileRef_Tests/ProtobufTests/unittest_preserve_unknown_enum.pb.swift /* unittest_preserve_unknown_enum.pb.swift */ = {isa = PBXFileReference; lastKnownFileType = sourcecode.swift; path = unittest_preserve_unknown_enum.pb.swift; sourceTree = "<group>"; };
		__PBXFileRef_Tests/ProtobufTests/unittest_preserve_unknown_enum2.pb.swift /* unittest_preserve_unknown_enum2.pb.swift */ = {isa = PBXFileReference; lastKnownFileType = sourcecode.swift; path = unittest_preserve_unknown_enum2.pb.swift; sourceTree = "<group>"; };
		__PBXFileRef_Tests/ProtobufTests/unittest_proto3.pb.swift /* unittest_proto3.pb.swift */ = {isa = PBXFileReference; lastKnownFileType = sourcecode.swift; path = unittest_proto3.pb.swift; sourceTree = "<group>"; };
		__PBXFileRef_Tests/ProtobufTests/unittest_proto3_arena.pb.swift /* unittest_proto3_arena.pb.swift */ = {isa = PBXFileReference; lastKnownFileType = sourcecode.swift; path = unittest_proto3_arena.pb.swift; sourceTree = "<group>"; };
		__PBXFileRef_Tests/ProtobufTests/unittest_swift_all_required_types.pb.swift /* unittest_swift_all_required_types.pb.swift */ = {isa = PBXFileReference; lastKnownFileType = sourcecode.swift; path = unittest_swift_all_required_types.pb.swift; sourceTree = "<group>"; };
		__PBXFileRef_Tests/ProtobufTests/unittest_swift_cycle.pb.swift /* unittest_swift_cycle.pb.swift */ = {isa = PBXFileReference; lastKnownFileType = sourcecode.swift; path = unittest_swift_cycle.pb.swift; sourceTree = "<group>"; };
		__PBXFileRef_Tests/ProtobufTests/unittest_swift_enum.pb.swift /* unittest_swift_enum.pb.swift */ = {isa = PBXFileReference; lastKnownFileType = sourcecode.swift; path = unittest_swift_enum.pb.swift; sourceTree = "<group>"; };
		__PBXFileRef_Tests/ProtobufTests/unittest_swift_enum_optional_default.pb.swift /* unittest_swift_enum_optional_default.pb.swift */ = {isa = PBXFileReference; lastKnownFileType = sourcecode.swift; path = unittest_swift_enum_optional_default.pb.swift; sourceTree = "<group>"; };
		__PBXFileRef_Tests/ProtobufTests/unittest_swift_extension.pb.swift /* unittest_swift_extension.pb.swift */ = {isa = PBXFileReference; lastKnownFileType = sourcecode.swift; path = unittest_swift_extension.pb.swift; sourceTree = "<group>"; };
		__PBXFileRef_Tests/ProtobufTests/unittest_swift_fieldorder.pb.swift /* unittest_swift_fieldorder.pb.swift */ = {isa = PBXFileReference; lastKnownFileType = sourcecode.swift; path = unittest_swift_fieldorder.pb.swift; sourceTree = "<group>"; };
		__PBXFileRef_Tests/ProtobufTests/unittest_swift_groups.pb.swift /* unittest_swift_groups.pb.swift */ = {isa = PBXFileReference; lastKnownFileType = sourcecode.swift; path = unittest_swift_groups.pb.swift; sourceTree = "<group>"; };
		__PBXFileRef_Tests/ProtobufTests/unittest_swift_naming.pb.swift /* unittest_swift_naming.pb.swift */ = {isa = PBXFileReference; lastKnownFileType = sourcecode.swift; path = unittest_swift_naming.pb.swift; sourceTree = "<group>"; };
		__PBXFileRef_Tests/ProtobufTests/unittest_swift_performance.pb.swift /* unittest_swift_performance.pb.swift */ = {isa = PBXFileReference; lastKnownFileType = sourcecode.swift; path = unittest_swift_performance.pb.swift; sourceTree = "<group>"; };
		__PBXFileRef_Tests/ProtobufTests/unittest_swift_reserved.pb.swift /* unittest_swift_reserved.pb.swift */ = {isa = PBXFileReference; lastKnownFileType = sourcecode.swift; path = unittest_swift_reserved.pb.swift; sourceTree = "<group>"; };
		__PBXFileRef_Tests/ProtobufTests/unittest_swift_runtime_proto2.pb.swift /* unittest_swift_runtime_proto2.pb.swift */ = {isa = PBXFileReference; lastKnownFileType = sourcecode.swift; path = unittest_swift_runtime_proto2.pb.swift; sourceTree = "<group>"; };
		__PBXFileRef_Tests/ProtobufTests/unittest_swift_runtime_proto3.pb.swift /* unittest_swift_runtime_proto3.pb.swift */ = {isa = PBXFileReference; lastKnownFileType = sourcecode.swift; path = unittest_swift_runtime_proto3.pb.swift; sourceTree = "<group>"; };
		__PBXFileRef_Tests/ProtobufTests/unittest_swift_startup.pb.swift /* unittest_swift_startup.pb.swift */ = {isa = PBXFileReference; lastKnownFileType = sourcecode.swift; path = unittest_swift_startup.pb.swift; sourceTree = "<group>"; };
		__PBXFileRef_Tests/ProtobufTests/unittest_well_known_types.pb.swift /* unittest_well_known_types.pb.swift */ = {isa = PBXFileReference; lastKnownFileType = sourcecode.swift; path = unittest_well_known_types.pb.swift; sourceTree = "<group>"; };
		"_____Product_Protobuf" /* Protobuf.framework */ = {isa = PBXFileReference; explicitFileType = wrapper.framework; path = Protobuf.framework; sourceTree = BUILT_PRODUCTS_DIR; };
		"_____Product_ProtobufTestSuite" /* ProtobufTestSuite_macOS.xctest */ = {isa = PBXFileReference; explicitFileType = wrapper.cfbundle; path = ProtobufTestSuite_macOS.xctest; sourceTree = BUILT_PRODUCTS_DIR; };
/* End PBXFileReference section */

/* Begin PBXFrameworksBuildPhase section */
		"___LinkPhase_Protobuf" /* Frameworks */ = {
			isa = PBXFrameworksBuildPhase;
			buildActionMask = 0;
			files = (
			);
			runOnlyForDeploymentPostprocessing = 0;
		};
		"___LinkPhase_ProtobufTestSuite" /* Frameworks */ = {
			isa = PBXFrameworksBuildPhase;
			buildActionMask = 0;
			files = (
				_LinkFileRef_Protobuf_via_ProtobufTestSuite /* Protobuf.framework in Frameworks */,
			);
			runOnlyForDeploymentPostprocessing = 0;
		};
/* End PBXFrameworksBuildPhase section */

/* Begin PBXGroup section */
		TestProducts_ /* Tests */ = {
			isa = PBXGroup;
			children = (
				"_____Product_ProtobufTestSuite" /* ProtobufTestSuite_macOS.xctest */,
			);
			name = Tests;
			sourceTree = "<group>";
		};
		"___RootGroup_" = {
			isa = PBXGroup;
			children = (
				__PBXFileRef_Package.swift /* Package.swift */,
				"_____Configs_" /* Configs */,
				"_____Sources_" /* Sources */,
				"_______Tests_" /* Tests */,
				"____Products_" /* Products */,
			);
			sourceTree = "<group>";
		};
		"____Products_" /* Products */ = {
			isa = PBXGroup;
			children = (
				TestProducts_ /* Tests */,
				"_____Product_Protobuf" /* Protobuf.framework */,
			);
			name = Products;
			sourceTree = "<group>";
		};
		"_____Configs_" /* Configs */ = {
			isa = PBXGroup;
			children = (
				__PBXFileRef_SwiftProtobufRuntime_macOS.xcodeproj/Configs/Project.xcconfig /* Project.xcconfig */,
			);
			name = Configs;
			sourceTree = "<group>";
		};
		"_____Sources_" /* Sources */ = {
			isa = PBXGroup;
			children = (
				"_______Group_Protobuf" /* Protobuf */,
			);
			name = Sources;
			sourceTree = "<group>";
		};
		"_______Group_Protobuf" /* Protobuf */ = {
			isa = PBXGroup;
			children = (
				__PBXFileRef_Sources/Protobuf/api.pb.swift /* api.pb.swift */,
				__PBXFileRef_Sources/Protobuf/duration.pb.swift /* duration.pb.swift */,
				__PBXFileRef_Sources/Protobuf/empty.pb.swift /* empty.pb.swift */,
				__PBXFileRef_Sources/Protobuf/field_mask.pb.swift /* field_mask.pb.swift */,
				__PBXFileRef_Sources/Protobuf/Google_Protobuf_Any.swift /* Google_Protobuf_Any.swift */,
				__PBXFileRef_Sources/Protobuf/Google_Protobuf_Duration_Extensions.swift /* Google_Protobuf_Duration_Extensions.swift */,
				__PBXFileRef_Sources/Protobuf/Google_Protobuf_FieldMask_Extensions.swift /* Google_Protobuf_FieldMask_Extensions.swift */,
				__PBXFileRef_Sources/Protobuf/Google_Protobuf_Struct.swift /* Google_Protobuf_Struct.swift */,
				__PBXFileRef_Sources/Protobuf/Google_Protobuf_Timestamp_Extensions.swift /* Google_Protobuf_Timestamp_Extensions.swift */,
				__PBXFileRef_Sources/Protobuf/Google_Protobuf_Wrappers.swift /* Google_Protobuf_Wrappers.swift */,
				__PBXFileRef_Sources/Protobuf/ProtobufBinaryDecoding.swift /* ProtobufBinaryDecoding.swift */,
				__PBXFileRef_Sources/Protobuf/ProtobufBinaryEncoding.swift /* ProtobufBinaryEncoding.swift */,
				__PBXFileRef_Sources/Protobuf/ProtobufBinaryTypes.swift /* ProtobufBinaryTypes.swift */,
				__PBXFileRef_Sources/Protobuf/ProtobufDebugDescription.swift /* ProtobufDebugDescription.swift */,
				__PBXFileRef_Sources/Protobuf/ProtobufEnum.swift /* ProtobufEnum.swift */,
				__PBXFileRef_Sources/Protobuf/ProtobufError.swift /* ProtobufError.swift */,
				__PBXFileRef_Sources/Protobuf/ProtobufExtensionFields.swift /* ProtobufExtensionFields.swift */,
				__PBXFileRef_Sources/Protobuf/ProtobufExtensions.swift /* ProtobufExtensions.swift */,
				__PBXFileRef_Sources/Protobuf/ProtobufFieldDecoder.swift /* ProtobufFieldDecoder.swift */,
				__PBXFileRef_Sources/Protobuf/ProtobufGroup.swift /* ProtobufGroup.swift */,
				__PBXFileRef_Sources/Protobuf/ProtobufHash.swift /* ProtobufHash.swift */,
				__PBXFileRef_Sources/Protobuf/ProtobufJSONDecoding.swift /* ProtobufJSONDecoding.swift */,
				__PBXFileRef_Sources/Protobuf/ProtobufJSONEncoding.swift /* ProtobufJSONEncoding.swift */,
				__PBXFileRef_Sources/Protobuf/ProtobufJSONTypes.swift /* ProtobufJSONTypes.swift */,
				__PBXFileRef_Sources/Protobuf/ProtobufMessage.swift /* ProtobufMessage.swift */,
				__PBXFileRef_Sources/Protobuf/ProtobufMirror.swift /* ProtobufMirror.swift */,
				__PBXFileRef_Sources/Protobuf/ProtobufOneof.swift /* ProtobufOneof.swift */,
				__PBXFileRef_Sources/Protobuf/ProtobufRawMessage.swift /* ProtobufRawMessage.swift */,
				__PBXFileRef_Sources/Protobuf/ProtobufTraversal.swift /* ProtobufTraversal.swift */,
				__PBXFileRef_Sources/Protobuf/ProtobufTypes.swift /* ProtobufTypes.swift */,
				__PBXFileRef_Sources/Protobuf/ProtobufUnknown.swift /* ProtobufUnknown.swift */,
				__PBXFileRef_Sources/Protobuf/ProtobufUtility.swift /* ProtobufUtility.swift */,
				__PBXFileRef_Sources/Protobuf/source_context.pb.swift /* source_context.pb.swift */,
				__PBXFileRef_Sources/Protobuf/timestamp.pb.swift /* timestamp.pb.swift */,
				__PBXFileRef_Sources/Protobuf/type.pb.swift /* type.pb.swift */,
				__PBXFileRef_Protobuf_Info.plist /* Protobuf_Info.plist */,
			);
			name = Protobuf;
			path = Sources/Protobuf;
			sourceTree = "<group>";
		};
		"_______Group_ProtobufTestSuite" /* ProtobufTestSuite */ = {
			isa = PBXGroup;
			children = (
				__PBXFileRef_Tests/ProtobufTests/any_test.pb.swift /* any_test.pb.swift */,
				__PBXFileRef_Tests/ProtobufTests/conformance.pb.swift /* conformance.pb.swift */,
				9C2F23781D778003008524F2 /* descriptor.pb.swift */,
				__PBXFileRef_Tests/ProtobufTests/Helpers.swift /* Helpers.swift */,
				__PBXFileRef_Tests/ProtobufTests/map_unittest.pb.swift /* map_unittest.pb.swift */,
				__PBXFileRef_Tests/ProtobufTests/map_unittest_proto3.pb.swift /* map_unittest_proto3.pb.swift */,
				__PBXFileRef_Tests/ProtobufTests/Test_AllTypes.swift /* Test_AllTypes.swift */,
				__PBXFileRef_Tests/ProtobufTests/Test_AllTypes_Proto3.swift /* Test_AllTypes_Proto3.swift */,
				__PBXFileRef_Tests/ProtobufTests/Test_Any.swift /* Test_Any.swift */,
				__PBXFileRef_Tests/ProtobufTests/Test_Api.swift /* Test_Api.swift */,
				__PBXFileRef_Tests/ProtobufTests/Test_Conformance.swift /* Test_Conformance.swift */,
				__PBXFileRef_Tests/ProtobufTests/Test_Descriptor.swift /* Test_Descriptor.swift */,
				__PBXFileRef_Tests/ProtobufTests/Test_Duration.swift /* Test_Duration.swift */,
				__PBXFileRef_Tests/ProtobufTests/Test_Empty.swift /* Test_Empty.swift */,
				__PBXFileRef_Tests/ProtobufTests/Test_Enum.swift /* Test_Enum.swift */,
				__PBXFileRef_Tests/ProtobufTests/Test_Extensions.swift /* Test_Extensions.swift */,
				__PBXFileRef_Tests/ProtobufTests/Test_ExtremeDefaultValues.swift /* Test_ExtremeDefaultValues.swift */,
				__PBXFileRef_Tests/ProtobufTests/Test_FieldMask.swift /* Test_FieldMask.swift */,
				__PBXFileRef_Tests/ProtobufTests/Test_FieldOrdering.swift /* Test_FieldOrdering.swift */,
				__PBXFileRef_Tests/ProtobufTests/Test_JSON.swift /* Test_JSON.swift */,
				__PBXFileRef_Tests/ProtobufTests/Test_JSON_Conformance.swift /* Test_JSON_Conformance.swift */,
				__PBXFileRef_Tests/ProtobufTests/Test_JSON_Group.swift /* Test_JSON_Group.swift */,
				__PBXFileRef_Tests/ProtobufTests/Test_JSON_Scanner.swift /* Test_JSON_Scanner.swift */,
				__PBXFileRef_Tests/ProtobufTests/Test_Map.swift /* Test_Map.swift */,
				__PBXFileRef_Tests/ProtobufTests/Test_Map_JSON.swift /* Test_Map_JSON.swift */,
				__PBXFileRef_Tests/ProtobufTests/Test_Packed.swift /* Test_Packed.swift */,
				__PBXFileRef_Tests/ProtobufTests/Test_ParsingMerge.swift /* Test_ParsingMerge.swift */,
				__PBXFileRef_Tests/ProtobufTests/Test_Performance.swift /* Test_Performance.swift */,
				__PBXFileRef_Tests/ProtobufTests/Test_ReallyLargeTagNumber.swift /* Test_ReallyLargeTagNumber.swift */,
				__PBXFileRef_Tests/ProtobufTests/Test_RecursiveMap.swift /* Test_RecursiveMap.swift */,
				__PBXFileRef_Tests/ProtobufTests/Test_Required.swift /* Test_Required.swift */,
				__PBXFileRef_Tests/ProtobufTests/Test_Reserved.swift /* Test_Reserved.swift */,
				__PBXFileRef_Tests/ProtobufTests/Test_Struct.swift /* Test_Struct.swift */,
				__PBXFileRef_Tests/ProtobufTests/Test_Timestamp.swift /* Test_Timestamp.swift */,
				__PBXFileRef_Tests/ProtobufTests/Test_Type.swift /* Test_Type.swift */,
				__PBXFileRef_Tests/ProtobufTests/Test_Unknown_proto2.swift /* Test_Unknown_proto2.swift */,
				__PBXFileRef_Tests/ProtobufTests/Test_Unknown_proto3.swift /* Test_Unknown_proto3.swift */,
				__PBXFileRef_Tests/ProtobufTests/Test_Wrappers.swift /* Test_Wrappers.swift */,
				__PBXFileRef_Tests/ProtobufTests/unittest.pb.swift /* unittest.pb.swift */,
				__PBXFileRef_Tests/ProtobufTests/unittest_arena.pb.swift /* unittest_arena.pb.swift */,
				__PBXFileRef_Tests/ProtobufTests/unittest_custom_options.pb.swift /* unittest_custom_options.pb.swift */,
				__PBXFileRef_Tests/ProtobufTests/unittest_drop_unknown_fields.pb.swift /* unittest_drop_unknown_fields.pb.swift */,
				__PBXFileRef_Tests/ProtobufTests/unittest_embed_optimize_for.pb.swift /* unittest_embed_optimize_for.pb.swift */,
				__PBXFileRef_Tests/ProtobufTests/unittest_empty.pb.swift /* unittest_empty.pb.swift */,
				__PBXFileRef_Tests/ProtobufTests/unittest_import.pb.swift /* unittest_import.pb.swift */,
				__PBXFileRef_Tests/ProtobufTests/unittest_import_lite.pb.swift /* unittest_import_lite.pb.swift */,
				__PBXFileRef_Tests/ProtobufTests/unittest_import_proto3.pb.swift /* unittest_import_proto3.pb.swift */,
				__PBXFileRef_Tests/ProtobufTests/unittest_import_public.pb.swift /* unittest_import_public.pb.swift */,
				__PBXFileRef_Tests/ProtobufTests/unittest_import_public_lite.pb.swift /* unittest_import_public_lite.pb.swift */,
				__PBXFileRef_Tests/ProtobufTests/unittest_import_public_proto3.pb.swift /* unittest_import_public_proto3.pb.swift */,
				__PBXFileRef_Tests/ProtobufTests/unittest_lite.pb.swift /* unittest_lite.pb.swift */,
				__PBXFileRef_Tests/ProtobufTests/unittest_lite_imports_nonlite.pb.swift /* unittest_lite_imports_nonlite.pb.swift */,
				__PBXFileRef_Tests/ProtobufTests/unittest_mset.pb.swift /* unittest_mset.pb.swift */,
				__PBXFileRef_Tests/ProtobufTests/unittest_mset_wire_format.pb.swift /* unittest_mset_wire_format.pb.swift */,
				__PBXFileRef_Tests/ProtobufTests/unittest_no_arena.pb.swift /* unittest_no_arena.pb.swift */,
				__PBXFileRef_Tests/ProtobufTests/unittest_no_arena_import.pb.swift /* unittest_no_arena_import.pb.swift */,
				__PBXFileRef_Tests/ProtobufTests/unittest_no_arena_lite.pb.swift /* unittest_no_arena_lite.pb.swift */,
				__PBXFileRef_Tests/ProtobufTests/unittest_no_field_presence.pb.swift /* unittest_no_field_presence.pb.swift */,
				__PBXFileRef_Tests/ProtobufTests/unittest_no_generic_services.pb.swift /* unittest_no_generic_services.pb.swift */,
				__PBXFileRef_Tests/ProtobufTests/unittest_optimize_for.pb.swift /* unittest_optimize_for.pb.swift */,
				__PBXFileRef_Tests/ProtobufTests/unittest_preserve_unknown_enum.pb.swift /* unittest_preserve_unknown_enum.pb.swift */,
				__PBXFileRef_Tests/ProtobufTests/unittest_preserve_unknown_enum2.pb.swift /* unittest_preserve_unknown_enum2.pb.swift */,
				__PBXFileRef_Tests/ProtobufTests/unittest_proto3.pb.swift /* unittest_proto3.pb.swift */,
				__PBXFileRef_Tests/ProtobufTests/unittest_proto3_arena.pb.swift /* unittest_proto3_arena.pb.swift */,
				__PBXFileRef_Tests/ProtobufTests/unittest_swift_all_required_types.pb.swift /* unittest_swift_all_required_types.pb.swift */,
				__PBXFileRef_Tests/ProtobufTests/unittest_swift_cycle.pb.swift /* unittest_swift_cycle.pb.swift */,
				__PBXFileRef_Tests/ProtobufTests/unittest_swift_enum.pb.swift /* unittest_swift_enum.pb.swift */,
				__PBXFileRef_Tests/ProtobufTests/unittest_swift_enum_optional_default.pb.swift /* unittest_swift_enum_optional_default.pb.swift */,
				__PBXFileRef_Tests/ProtobufTests/unittest_swift_extension.pb.swift /* unittest_swift_extension.pb.swift */,
				__PBXFileRef_Tests/ProtobufTests/unittest_swift_fieldorder.pb.swift /* unittest_swift_fieldorder.pb.swift */,
				__PBXFileRef_Tests/ProtobufTests/unittest_swift_groups.pb.swift /* unittest_swift_groups.pb.swift */,
				__PBXFileRef_Tests/ProtobufTests/unittest_swift_naming.pb.swift /* unittest_swift_naming.pb.swift */,
				__PBXFileRef_Tests/ProtobufTests/unittest_swift_performance.pb.swift /* unittest_swift_performance.pb.swift */,
				__PBXFileRef_Tests/ProtobufTests/unittest_swift_reserved.pb.swift /* unittest_swift_reserved.pb.swift */,
				__PBXFileRef_Tests/ProtobufTests/unittest_swift_runtime_proto2.pb.swift /* unittest_swift_runtime_proto2.pb.swift */,
				__PBXFileRef_Tests/ProtobufTests/unittest_swift_runtime_proto3.pb.swift /* unittest_swift_runtime_proto3.pb.swift */,
				__PBXFileRef_Tests/ProtobufTests/unittest_swift_startup.pb.swift /* unittest_swift_startup.pb.swift */,
				__PBXFileRef_Tests/ProtobufTests/unittest_well_known_types.pb.swift /* unittest_well_known_types.pb.swift */,
				__PBXFileRef_ProtobufTestSuite_Info.plist /* ProtobufTestSuite_Info.plist */,
			);
			name = ProtobufTestSuite;
			path = Tests/ProtobufTests;
			sourceTree = "<group>";
		};
		"_______Tests_" /* Tests */ = {
			isa = PBXGroup;
			children = (
				"_______Group_ProtobufTestSuite" /* ProtobufTestSuite */,
			);
			name = Tests;
			sourceTree = "<group>";
		};
/* End PBXGroup section */

/* Begin PBXNativeTarget section */
		"______Target_Protobuf" /* Protobuf */ = {
			isa = PBXNativeTarget;
			buildConfigurationList = "_______Confs_Protobuf" /* Build configuration list for PBXNativeTarget "Protobuf" */;
			buildPhases = (
				CompilePhase_Protobuf /* Sources */,
				"___LinkPhase_Protobuf" /* Frameworks */,
			);
			buildRules = (
			);
			dependencies = (
			);
			name = Protobuf;
			productName = Protobuf;
			productReference = "_____Product_Protobuf" /* Protobuf.framework */;
			productType = "com.apple.product-type.framework";
		};
		"______Target_ProtobufTestSuite" /* ProtobufTestSuite_macOS */ = {
			isa = PBXNativeTarget;
			buildConfigurationList = "_______Confs_ProtobufTestSuite" /* Build configuration list for PBXNativeTarget "ProtobufTestSuite_macOS" */;
			buildPhases = (
				CompilePhase_ProtobufTestSuite /* Sources */,
				"___LinkPhase_ProtobufTestSuite" /* Frameworks */,
			);
			buildRules = (
			);
			dependencies = (
				__Dependency_Protobuf /* PBXTargetDependency */,
			);
			name = ProtobufTestSuite_macOS;
			productName = ProtobufTestSuite;
			productReference = "_____Product_ProtobufTestSuite" /* ProtobufTestSuite_macOS.xctest */;
			productType = "com.apple.product-type.bundle.unit-test";
		};
/* End PBXNativeTarget section */

/* Begin PBXProject section */
		__RootObject_ /* Project object */ = {
			isa = PBXProject;
			attributes = {
				LastUpgradeCheck = 9999;
			};
			buildConfigurationList = "___RootConfs_" /* Build configuration list for PBXProject "SwiftProtobufRuntime_macOS" */;
			compatibilityVersion = "Xcode 3.2";
			developmentRegion = English;
			hasScannedForEncodings = 0;
			knownRegions = (
				en,
			);
			mainGroup = "___RootGroup_";
			productRefGroup = "____Products_" /* Products */;
			projectDirPath = "";
			projectRoot = "";
			targets = (
				"______Target_Protobuf" /* Protobuf */,
				"______Target_ProtobufTestSuite" /* ProtobufTestSuite_macOS */,
			);
		};
/* End PBXProject section */

/* Begin PBXSourcesBuildPhase section */
		CompilePhase_Protobuf /* Sources */ = {
			isa = PBXSourcesBuildPhase;
			buildActionMask = 0;
			files = (
				__src_cc_ref_Sources/Protobuf/api.pb.swift /* api.pb.swift in Sources */,
				__src_cc_ref_Sources/Protobuf/duration.pb.swift /* duration.pb.swift in Sources */,
				__src_cc_ref_Sources/Protobuf/empty.pb.swift /* empty.pb.swift in Sources */,
				__src_cc_ref_Sources/Protobuf/field_mask.pb.swift /* field_mask.pb.swift in Sources */,
				__src_cc_ref_Sources/Protobuf/Google_Protobuf_Any.swift /* Google_Protobuf_Any.swift in Sources */,
				__src_cc_ref_Sources/Protobuf/Google_Protobuf_Duration_Extensions.swift /* Google_Protobuf_Duration_Extensions.swift in Sources */,
				__src_cc_ref_Sources/Protobuf/Google_Protobuf_FieldMask_Extensions.swift /* Google_Protobuf_FieldMask_Extensions.swift in Sources */,
				__src_cc_ref_Sources/Protobuf/Google_Protobuf_Struct.swift /* Google_Protobuf_Struct.swift in Sources */,
				__src_cc_ref_Sources/Protobuf/Google_Protobuf_Timestamp_Extensions.swift /* Google_Protobuf_Timestamp_Extensions.swift in Sources */,
				__src_cc_ref_Sources/Protobuf/Google_Protobuf_Wrappers.swift /* Google_Protobuf_Wrappers.swift in Sources */,
				__src_cc_ref_Sources/Protobuf/ProtobufBinaryDecoding.swift /* ProtobufBinaryDecoding.swift in Sources */,
				__src_cc_ref_Sources/Protobuf/ProtobufBinaryEncoding.swift /* ProtobufBinaryEncoding.swift in Sources */,
				__src_cc_ref_Sources/Protobuf/ProtobufBinaryTypes.swift /* ProtobufBinaryTypes.swift in Sources */,
				__src_cc_ref_Sources/Protobuf/ProtobufDebugDescription.swift /* ProtobufDebugDescription.swift in Sources */,
				__src_cc_ref_Sources/Protobuf/ProtobufEnum.swift /* ProtobufEnum.swift in Sources */,
				__src_cc_ref_Sources/Protobuf/ProtobufError.swift /* ProtobufError.swift in Sources */,
				__src_cc_ref_Sources/Protobuf/ProtobufExtensionFields.swift /* ProtobufExtensionFields.swift in Sources */,
				__src_cc_ref_Sources/Protobuf/ProtobufExtensions.swift /* ProtobufExtensions.swift in Sources */,
				__src_cc_ref_Sources/Protobuf/ProtobufFieldDecoder.swift /* ProtobufFieldDecoder.swift in Sources */,
				__src_cc_ref_Sources/Protobuf/ProtobufGroup.swift /* ProtobufGroup.swift in Sources */,
				__src_cc_ref_Sources/Protobuf/ProtobufHash.swift /* ProtobufHash.swift in Sources */,
				__src_cc_ref_Sources/Protobuf/ProtobufJSONDecoding.swift /* ProtobufJSONDecoding.swift in Sources */,
				__src_cc_ref_Sources/Protobuf/ProtobufJSONEncoding.swift /* ProtobufJSONEncoding.swift in Sources */,
				__src_cc_ref_Sources/Protobuf/ProtobufJSONTypes.swift /* ProtobufJSONTypes.swift in Sources */,
				__src_cc_ref_Sources/Protobuf/ProtobufMessage.swift /* ProtobufMessage.swift in Sources */,
				__src_cc_ref_Sources/Protobuf/ProtobufMirror.swift /* ProtobufMirror.swift in Sources */,
				__src_cc_ref_Sources/Protobuf/ProtobufOneof.swift /* ProtobufOneof.swift in Sources */,
				__src_cc_ref_Sources/Protobuf/ProtobufRawMessage.swift /* ProtobufRawMessage.swift in Sources */,
				__src_cc_ref_Sources/Protobuf/ProtobufTraversal.swift /* ProtobufTraversal.swift in Sources */,
				__src_cc_ref_Sources/Protobuf/ProtobufTypes.swift /* ProtobufTypes.swift in Sources */,
				__src_cc_ref_Sources/Protobuf/ProtobufUnknown.swift /* ProtobufUnknown.swift in Sources */,
				__src_cc_ref_Sources/Protobuf/ProtobufUtility.swift /* ProtobufUtility.swift in Sources */,
				__src_cc_ref_Sources/Protobuf/source_context.pb.swift /* source_context.pb.swift in Sources */,
				__src_cc_ref_Sources/Protobuf/timestamp.pb.swift /* timestamp.pb.swift in Sources */,
				__src_cc_ref_Sources/Protobuf/type.pb.swift /* type.pb.swift in Sources */,
			);
			runOnlyForDeploymentPostprocessing = 0;
		};
		CompilePhase_ProtobufTestSuite /* Sources */ = {
			isa = PBXSourcesBuildPhase;
			buildActionMask = 0;
			files = (
				__src_cc_ref_Tests/ProtobufTests/any_test.pb.swift /* any_test.pb.swift in Sources */,
				__src_cc_ref_Tests/ProtobufTests/conformance.pb.swift /* conformance.pb.swift in Sources */,
				9C2F237A1D77807E008524F2 /* descriptor.pb.swift in Sources */,
				__src_cc_ref_Tests/ProtobufTests/Helpers.swift /* Helpers.swift in Sources */,
				__src_cc_ref_Tests/ProtobufTests/map_unittest.pb.swift /* map_unittest.pb.swift in Sources */,
				__src_cc_ref_Tests/ProtobufTests/map_unittest_proto3.pb.swift /* map_unittest_proto3.pb.swift in Sources */,
				__src_cc_ref_Tests/ProtobufTests/Test_AllTypes.swift /* Test_AllTypes.swift in Sources */,
				__src_cc_ref_Tests/ProtobufTests/Test_AllTypes_Proto3.swift /* Test_AllTypes_Proto3.swift in Sources */,
				__src_cc_ref_Tests/ProtobufTests/Test_Any.swift /* Test_Any.swift in Sources */,
				__src_cc_ref_Tests/ProtobufTests/Test_Api.swift /* Test_Api.swift in Sources */,
				__src_cc_ref_Tests/ProtobufTests/Test_Conformance.swift /* Test_Conformance.swift in Sources */,
				__src_cc_ref_Tests/ProtobufTests/Test_Descriptor.swift /* Test_Descriptor.swift in Sources */,
				__src_cc_ref_Tests/ProtobufTests/Test_Duration.swift /* Test_Duration.swift in Sources */,
				__src_cc_ref_Tests/ProtobufTests/Test_Empty.swift /* Test_Empty.swift in Sources */,
				__src_cc_ref_Tests/ProtobufTests/Test_Enum.swift /* Test_Enum.swift in Sources */,
				__src_cc_ref_Tests/ProtobufTests/Test_Extensions.swift /* Test_Extensions.swift in Sources */,
				__src_cc_ref_Tests/ProtobufTests/Test_ExtremeDefaultValues.swift /* Test_ExtremeDefaultValues.swift in Sources */,
				__src_cc_ref_Tests/ProtobufTests/Test_FieldMask.swift /* Test_FieldMask.swift in Sources */,
				__src_cc_ref_Tests/ProtobufTests/Test_FieldOrdering.swift /* Test_FieldOrdering.swift in Sources */,
				__src_cc_ref_Tests/ProtobufTests/Test_JSON.swift /* Test_JSON.swift in Sources */,
				__src_cc_ref_Tests/ProtobufTests/Test_JSON_Conformance.swift /* Test_JSON_Conformance.swift in Sources */,
				__src_cc_ref_Tests/ProtobufTests/Test_JSON_Group.swift /* Test_JSON_Group.swift in Sources */,
				__src_cc_ref_Tests/ProtobufTests/Test_JSON_Scanner.swift /* Test_JSON_Scanner.swift in Sources */,
				__src_cc_ref_Tests/ProtobufTests/Test_Map.swift /* Test_Map.swift in Sources */,
				__src_cc_ref_Tests/ProtobufTests/Test_Map_JSON.swift /* Test_Map_JSON.swift in Sources */,
				__src_cc_ref_Tests/ProtobufTests/Test_Packed.swift /* Test_Packed.swift in Sources */,
				__src_cc_ref_Tests/ProtobufTests/Test_ParsingMerge.swift /* Test_ParsingMerge.swift in Sources */,
				__src_cc_ref_Tests/ProtobufTests/Test_Performance.swift /* Test_Performance.swift in Sources */,
				__src_cc_ref_Tests/ProtobufTests/Test_ReallyLargeTagNumber.swift /* Test_ReallyLargeTagNumber.swift in Sources */,
				__src_cc_ref_Tests/ProtobufTests/Test_RecursiveMap.swift /* Test_RecursiveMap.swift in Sources */,
				__src_cc_ref_Tests/ProtobufTests/Test_Required.swift /* Test_Required.swift in Sources */,
				__src_cc_ref_Tests/ProtobufTests/Test_Reserved.swift /* Test_Reserved.swift in Sources */,
				__src_cc_ref_Tests/ProtobufTests/Test_Struct.swift /* Test_Struct.swift in Sources */,
				__src_cc_ref_Tests/ProtobufTests/Test_Timestamp.swift /* Test_Timestamp.swift in Sources */,
				__src_cc_ref_Tests/ProtobufTests/Test_Type.swift /* Test_Type.swift in Sources */,
				__src_cc_ref_Tests/ProtobufTests/Test_Unknown_proto2.swift /* Test_Unknown_proto2.swift in Sources */,
				__src_cc_ref_Tests/ProtobufTests/Test_Unknown_proto3.swift /* Test_Unknown_proto3.swift in Sources */,
				__src_cc_ref_Tests/ProtobufTests/Test_Wrappers.swift /* Test_Wrappers.swift in Sources */,
				__src_cc_ref_Tests/ProtobufTests/unittest.pb.swift /* unittest.pb.swift in Sources */,
				__src_cc_ref_Tests/ProtobufTests/unittest_arena.pb.swift /* unittest_arena.pb.swift in Sources */,
				__src_cc_ref_Tests/ProtobufTests/unittest_custom_options.pb.swift /* unittest_custom_options.pb.swift in Sources */,
				__src_cc_ref_Tests/ProtobufTests/unittest_drop_unknown_fields.pb.swift /* unittest_drop_unknown_fields.pb.swift in Sources */,
				__src_cc_ref_Tests/ProtobufTests/unittest_embed_optimize_for.pb.swift /* unittest_embed_optimize_for.pb.swift in Sources */,
				__src_cc_ref_Tests/ProtobufTests/unittest_empty.pb.swift /* unittest_empty.pb.swift in Sources */,
				__src_cc_ref_Tests/ProtobufTests/unittest_import.pb.swift /* unittest_import.pb.swift in Sources */,
				__src_cc_ref_Tests/ProtobufTests/unittest_import_lite.pb.swift /* unittest_import_lite.pb.swift in Sources */,
				__src_cc_ref_Tests/ProtobufTests/unittest_import_proto3.pb.swift /* unittest_import_proto3.pb.swift in Sources */,
				__src_cc_ref_Tests/ProtobufTests/unittest_import_public.pb.swift /* unittest_import_public.pb.swift in Sources */,
				__src_cc_ref_Tests/ProtobufTests/unittest_import_public_lite.pb.swift /* unittest_import_public_lite.pb.swift in Sources */,
				__src_cc_ref_Tests/ProtobufTests/unittest_import_public_proto3.pb.swift /* unittest_import_public_proto3.pb.swift in Sources */,
				__src_cc_ref_Tests/ProtobufTests/unittest_lite.pb.swift /* unittest_lite.pb.swift in Sources */,
				__src_cc_ref_Tests/ProtobufTests/unittest_lite_imports_nonlite.pb.swift /* unittest_lite_imports_nonlite.pb.swift in Sources */,
				__src_cc_ref_Tests/ProtobufTests/unittest_mset.pb.swift /* unittest_mset.pb.swift in Sources */,
				__src_cc_ref_Tests/ProtobufTests/unittest_mset_wire_format.pb.swift /* unittest_mset_wire_format.pb.swift in Sources */,
				__src_cc_ref_Tests/ProtobufTests/unittest_no_arena.pb.swift /* unittest_no_arena.pb.swift in Sources */,
				__src_cc_ref_Tests/ProtobufTests/unittest_no_arena_import.pb.swift /* unittest_no_arena_import.pb.swift in Sources */,
				__src_cc_ref_Tests/ProtobufTests/unittest_no_arena_lite.pb.swift /* unittest_no_arena_lite.pb.swift in Sources */,
				__src_cc_ref_Tests/ProtobufTests/unittest_no_field_presence.pb.swift /* unittest_no_field_presence.pb.swift in Sources */,
				__src_cc_ref_Tests/ProtobufTests/unittest_no_generic_services.pb.swift /* unittest_no_generic_services.pb.swift in Sources */,
				__src_cc_ref_Tests/ProtobufTests/unittest_optimize_for.pb.swift /* unittest_optimize_for.pb.swift in Sources */,
				__src_cc_ref_Tests/ProtobufTests/unittest_preserve_unknown_enum.pb.swift /* unittest_preserve_unknown_enum.pb.swift in Sources */,
				__src_cc_ref_Tests/ProtobufTests/unittest_preserve_unknown_enum2.pb.swift /* unittest_preserve_unknown_enum2.pb.swift in Sources */,
				__src_cc_ref_Tests/ProtobufTests/unittest_proto3.pb.swift /* unittest_proto3.pb.swift in Sources */,
				__src_cc_ref_Tests/ProtobufTests/unittest_proto3_arena.pb.swift /* unittest_proto3_arena.pb.swift in Sources */,
				__src_cc_ref_Tests/ProtobufTests/unittest_swift_all_required_types.pb.swift /* unittest_swift_all_required_types.pb.swift in Sources */,
				__src_cc_ref_Tests/ProtobufTests/unittest_swift_cycle.pb.swift /* unittest_swift_cycle.pb.swift in Sources */,
				__src_cc_ref_Tests/ProtobufTests/unittest_swift_enum.pb.swift /* unittest_swift_enum.pb.swift in Sources */,
				__src_cc_ref_Tests/ProtobufTests/unittest_swift_enum_optional_default.pb.swift /* unittest_swift_enum_optional_default.pb.swift in Sources */,
				__src_cc_ref_Tests/ProtobufTests/unittest_swift_extension.pb.swift /* unittest_swift_extension.pb.swift in Sources */,
				__src_cc_ref_Tests/ProtobufTests/unittest_swift_fieldorder.pb.swift /* unittest_swift_fieldorder.pb.swift in Sources */,
				__src_cc_ref_Tests/ProtobufTests/unittest_swift_groups.pb.swift /* unittest_swift_groups.pb.swift in Sources */,
				__src_cc_ref_Tests/ProtobufTests/unittest_swift_naming.pb.swift /* unittest_swift_naming.pb.swift in Sources */,
				__src_cc_ref_Tests/ProtobufTests/unittest_swift_performance.pb.swift /* unittest_swift_performance.pb.swift in Sources */,
				__src_cc_ref_Tests/ProtobufTests/unittest_swift_reserved.pb.swift /* unittest_swift_reserved.pb.swift in Sources */,
				__src_cc_ref_Tests/ProtobufTests/unittest_swift_runtime_proto2.pb.swift /* unittest_swift_runtime_proto2.pb.swift in Sources */,
				__src_cc_ref_Tests/ProtobufTests/unittest_swift_runtime_proto3.pb.swift /* unittest_swift_runtime_proto3.pb.swift in Sources */,
				__src_cc_ref_Tests/ProtobufTests/unittest_swift_startup.pb.swift /* unittest_swift_startup.pb.swift in Sources */,
				__src_cc_ref_Tests/ProtobufTests/unittest_well_known_types.pb.swift /* unittest_well_known_types.pb.swift in Sources */,
			);
			runOnlyForDeploymentPostprocessing = 0;
		};
/* End PBXSourcesBuildPhase section */

/* Begin PBXTargetDependency section */
		__Dependency_Protobuf /* PBXTargetDependency */ = {
			isa = PBXTargetDependency;
			target = "______Target_Protobuf" /* Protobuf */;
			targetProxy = 9CAEA5251D25B35600EB832A /* PBXContainerItemProxy */;
		};
/* End PBXTargetDependency section */

/* Begin XCBuildConfiguration section */
		_ReleaseConf_Protobuf /* Release */ = {
			isa = XCBuildConfiguration;
			buildSettings = {
				DEFINES_MODULE = YES;
				ENABLE_TESTABILITY = YES;
				INFOPLIST_FILE = SwiftProtobufRuntime_macOS.xcodeproj/Protobuf_Info.plist;
				LD_RUNPATH_SEARCH_PATHS = "$(TOOLCHAIN_DIR)/usr/lib/swift/macosx";
				OTHER_LDFLAGS = "$(inherited)";
				OTHER_SWIFT_FLAGS = "$(inherited)";
				PRODUCT_BUNDLE_IDENTIFIER = com.apple.protobuf.SwiftProtobufRuntime;
				PRODUCT_MODULE_NAME = Protobuf;
				PRODUCT_NAME = "$(TARGET_NAME:c99extidentifier)";
			};
			name = Release;
		};
		_ReleaseConf_ProtobufTestSuite /* Release */ = {
			isa = XCBuildConfiguration;
			buildSettings = {
				EMBEDDED_CONTENT_CONTAINS_SWIFT = YES;
				INFOPLIST_FILE = SwiftProtobufRuntime_macOS.xcodeproj/ProtobufTestSuite_Info.plist;
				LD_RUNPATH_SEARCH_PATHS = "@loader_path/../Frameworks";
				OTHER_LDFLAGS = "$(inherited)";
				OTHER_SWIFT_FLAGS = "$(inherited)";
			};
			name = Release;
		};
		"___DebugConf_Protobuf" /* Debug */ = {
			isa = XCBuildConfiguration;
			buildSettings = {
				DEFINES_MODULE = YES;
				ENABLE_TESTABILITY = YES;
				INFOPLIST_FILE = SwiftProtobufRuntime_macOS.xcodeproj/Protobuf_Info.plist;
				LD_RUNPATH_SEARCH_PATHS = "$(TOOLCHAIN_DIR)/usr/lib/swift/macosx";
				OTHER_LDFLAGS = "$(inherited)";
				OTHER_SWIFT_FLAGS = "$(inherited)";
				PRODUCT_BUNDLE_IDENTIFIER = com.apple.protobuf.SwiftProtobufRuntime;
				PRODUCT_MODULE_NAME = Protobuf;
				PRODUCT_NAME = "$(TARGET_NAME:c99extidentifier)";
				SWIFT_OPTIMIZATION_LEVEL = "-Onone";
			};
			name = Debug;
		};
		"___DebugConf_ProtobufTestSuite" /* Debug */ = {
			isa = XCBuildConfiguration;
			buildSettings = {
				EMBEDDED_CONTENT_CONTAINS_SWIFT = YES;
				INFOPLIST_FILE = SwiftProtobufRuntime_macOS.xcodeproj/ProtobufTestSuite_Info.plist;
				LD_RUNPATH_SEARCH_PATHS = "@loader_path/../Frameworks";
				OTHER_LDFLAGS = "$(inherited)";
				OTHER_SWIFT_FLAGS = "$(inherited)";
				SWIFT_OPTIMIZATION_LEVEL = "-Onone";
			};
			name = Debug;
		};
		"_____Release_" /* Release */ = {
			isa = XCBuildConfiguration;
			baseConfigurationReference = __PBXFileRef_SwiftProtobufRuntime_macOS.xcodeproj/Configs/Project.xcconfig /* Project.xcconfig */;
			buildSettings = {
				IPHONEOS_DEPLOYMENT_TARGET = 9.0;
				SWIFT_VERSION = 3.0;
			};
			name = Release;
		};
		"_______Debug_" /* Debug */ = {
			isa = XCBuildConfiguration;
			baseConfigurationReference = __PBXFileRef_SwiftProtobufRuntime_macOS.xcodeproj/Configs/Project.xcconfig /* Project.xcconfig */;
			buildSettings = {
				IPHONEOS_DEPLOYMENT_TARGET = 9.0;
				SWIFT_VERSION = 3.0;
			};
			name = Debug;
		};
/* End XCBuildConfiguration section */

/* Begin XCConfigurationList section */
		"___RootConfs_" /* Build configuration list for PBXProject "SwiftProtobufRuntime_macOS" */ = {
			isa = XCConfigurationList;
			buildConfigurations = (
				"_______Debug_" /* Debug */,
				"_____Release_" /* Release */,
			);
			defaultConfigurationIsVisible = 0;
			defaultConfigurationName = Debug;
		};
		"_______Confs_Protobuf" /* Build configuration list for PBXNativeTarget "Protobuf" */ = {
			isa = XCConfigurationList;
			buildConfigurations = (
				"___DebugConf_Protobuf" /* Debug */,
				_ReleaseConf_Protobuf /* Release */,
			);
			defaultConfigurationIsVisible = 0;
			defaultConfigurationName = Debug;
		};
		"_______Confs_ProtobufTestSuite" /* Build configuration list for PBXNativeTarget "ProtobufTestSuite_macOS" */ = {
			isa = XCConfigurationList;
			buildConfigurations = (
				"___DebugConf_ProtobufTestSuite" /* Debug */,
				_ReleaseConf_ProtobufTestSuite /* Release */,
			);
			defaultConfigurationIsVisible = 0;
			defaultConfigurationName = Debug;
		};
/* End XCConfigurationList section */
	};
	rootObject = __RootObject_ /* Project object */;
}
